{
  "version": 4,
  "terraform_version": "1.10.3",
  "serial": 22,
  "lineage": "d4da79f5-3e90-9ce8-d065-874f2c27f004",
  "outputs": {
    "internet_gateway_id": {
      "value": "igw-0c33125ce8bc87674",
      "type": "string"
    },
    "private_subnet_cidr": {
      "value": "10.0.2.0/24",
      "type": "string"
    },
    "private_subnet_id": {
      "value": "subnet-020d44a17c0462f42",
      "type": "string"
    },
    "public_subnet_cidr": {
      "value": "10.0.1.0/24",
      "type": "string"
    },
    "public_subnet_id": {
      "value": "subnet-0d5bc0fc9111c6503",
      "type": "string"
    },
    "vpc_cidr": {
      "value": "10.0.0.0/16",
      "type": "string"
    },
    "vpc_id": {
      "value": "vpc-07c98d82db67d153b",
      "type": "string"
    }
  },
  "resources": [
    {
      "mode": "managed",
      "type": "aws_internet_gateway",
      "name": "tanvora_igw",
      "provider": "provider[\"registry.terraform.io/hashicorp/aws\"]",
      "instances": [
        {
          "schema_version": 0,
          "attributes": {
            "arn": "arn:aws:ec2:ap-south-1:506511510973:internet-gateway/igw-0c33125ce8bc87674",
            "id": "igw-0c33125ce8bc87674",
            "owner_id": "506511510973",
            "tags": {
              "Environment": "Dev",
              "ManagedBy": "Terraform",
              "Name": "tanvora-igw",
              "Owner": "Ajay Vishwakarma",
              "Project": "Tanvora"
            },
            "tags_all": {
              "Environment": "Dev",
              "ManagedBy": "Terraform",
              "Name": "tanvora-igw",
              "Owner": "Ajay Vishwakarma",
              "Project": "Tanvora"
            },
            "timeouts": null,
            "vpc_id": "vpc-07c98d82db67d153b"
          },
          "sensitive_attributes": [],
          "private": "eyJlMmJmYjczMC1lY2FhLTExZTYtOGY4OC0zNDM2M2JjN2M0YzAiOnsiY3JlYXRlIjoxMjAwMDAwMDAwMDAwLCJkZWxldGUiOjEyMDAwMDAwMDAwMDAsInVwZGF0ZSI6MTIwMDAwMDAwMDAwMH19",
          "dependencies": [
            "aws_vpc.tanvora_vpc"
          ]
        }
      ]
    },
    {
      "mode": "managed",
      "type": "aws_subnet",
      "name": "private_subnet",
      "provider": "provider[\"registry.terraform.io/hashicorp/aws\"]",
      "instances": [
        {
          "schema_version": 1,
          "attributes": {
            "arn": "arn:aws:ec2:ap-south-1:506511510973:subnet/subnet-020d44a17c0462f42",
            "assign_ipv6_address_on_creation": false,
            "availability_zone": "ap-south-1b",
            "availability_zone_id": "aps1-az3",
            "cidr_block": "10.0.2.0/24",
            "customer_owned_ipv4_pool": "",
            "enable_dns64": false,
            "enable_lni_at_device_index": 0,
            "enable_resource_name_dns_a_record_on_launch": false,
            "enable_resource_name_dns_aaaa_record_on_launch": false,
            "id": "subnet-020d44a17c0462f42",
            "ipv6_cidr_block": "",
            "ipv6_cidr_block_association_id": "",
            "ipv6_native": false,
            "map_customer_owned_ip_on_launch": false,
            "map_public_ip_on_launch": false,
            "outpost_arn": "",
            "owner_id": "506511510973",
            "private_dns_hostname_type_on_launch": "ip-name",
            "tags": {
              "Environment": "Dev",
              "ManagedBy": "Terraform",
              "Name": "tanvora-private-subnet",
              "Owner": "Ajay Vishwakarma",
              "Project": "Tanvora"
            },
            "tags_all": {
              "Environment": "Dev",
              "ManagedBy": "Terraform",
              "Name": "tanvora-private-subnet",
              "Owner": "Ajay Vishwakarma",
              "Project": "Tanvora"
            },
            "timeouts": null,
            "vpc_id": "vpc-07c98d82db67d153b"
          },
          "sensitive_attributes": [],
          "private": "eyJlMmJmYjczMC1lY2FhLTExZTYtOGY4OC0zNDM2M2JjN2M0YzAiOnsiY3JlYXRlIjo2MDAwMDAwMDAwMDAsImRlbGV0ZSI6MTIwMDAwMDAwMDAwMH0sInNjaGVtYV92ZXJzaW9uIjoiMSJ9",
          "dependencies": [
            "aws_vpc.tanvora_vpc"
          ]
        }
      ]
    },
    {
      "mode": "managed",
      "type": "aws_subnet",
      "name": "public_subnet",
      "provider": "provider[\"registry.terraform.io/hashicorp/aws\"]",
      "instances": [
        {
          "schema_version": 1,
          "attributes": {
            "arn": "arn:aws:ec2:ap-south-1:506511510973:subnet/subnet-0d5bc0fc9111c6503",
            "assign_ipv6_address_on_creation": false,
            "availability_zone": "ap-south-1a",
            "availability_zone_id": "aps1-az1",
            "cidr_block": "10.0.1.0/24",
            "customer_owned_ipv4_pool": "",
            "enable_dns64": false,
            "enable_lni_at_device_index": 0,
            "enable_resource_name_dns_a_record_on_launch": false,
            "enable_resource_name_dns_aaaa_record_on_launch": false,
            "id": "subnet-0d5bc0fc9111c6503",
            "ipv6_cidr_block": "",
            "ipv6_cidr_block_association_id": "",
            "ipv6_native": false,
            "map_customer_owned_ip_on_launch": false,
            "map_public_ip_on_launch": true,
            "outpost_arn": "",
            "owner_id": "506511510973",
            "private_dns_hostname_type_on_launch": "ip-name",
            "tags": {
              "Environment": "Dev",
              "ManagedBy": "Terraform",
              "Name": "tanvora-public-subnet",
              "Owner": "Ajay Vishwakarma",
              "Project": "Tanvora"
            },
            "tags_all": {
              "Environment": "Dev",
              "ManagedBy": "Terraform",
              "Name": "tanvora-public-subnet",
              "Owner": "Ajay Vishwakarma",
              "Project": "Tanvora"
            },
            "timeouts": null,
            "vpc_id": "vpc-07c98d82db67d153b"
          },
          "sensitive_attributes": [],
          "private": "eyJlMmJmYjczMC1lY2FhLTExZTYtOGY4OC0zNDM2M2JjN2M0YzAiOnsiY3JlYXRlIjo2MDAwMDAwMDAwMDAsImRlbGV0ZSI6MTIwMDAwMDAwMDAwMH0sInNjaGVtYV92ZXJzaW9uIjoiMSJ9",
          "dependencies": [
            "aws_vpc.tanvora_vpc"
          ]
        }
      ]
    },
    {
      "mode": "managed",
      "type": "aws_vpc",
      "name": "tanvora_vpc",
      "provider": "provider[\"registry.terraform.io/hashicorp/aws\"]",
      "instances": [
        {
          "schema_version": 1,
          "attributes": {
            "arn": "arn:aws:ec2:ap-south-1:506511510973:vpc/vpc-07c98d82db67d153b",
            "assign_generated_ipv6_cidr_block": false,
            "cidr_block": "10.0.0.0/16",
            "default_network_acl_id": "acl-06db86bbcaa94a64d",
            "default_route_table_id": "rtb-03317bff11e15b666",
            "default_security_group_id": "sg-0d5e6a8a5763b764d",
            "dhcp_options_id": "dopt-0855c36d90fe613d6",
            "enable_dns_hostnames": true,
            "enable_dns_support": true,
            "enable_network_address_usage_metrics": false,
            "id": "vpc-07c98d82db67d153b",
            "instance_tenancy": "default",
            "ipv4_ipam_pool_id": null,
            "ipv4_netmask_length": null,
            "ipv6_association_id": "",
            "ipv6_cidr_block": "",
            "ipv6_cidr_block_network_border_group": "",
            "ipv6_ipam_pool_id": "",
            "ipv6_netmask_length": 0,
            "main_route_table_id": "rtb-03317bff11e15b666",
            "owner_id": "506511510973",
            "tags": {
              "Environment": "Dev",
              "ManagedBy": "Terraform",
              "Name": "tanvora-vpc",
              "Owner": "Ajay Vishwakarma",
              "Project": "Tanvora"
            },
            "tags_all": {
              "Environment": "Dev",
              "ManagedBy": "Terraform",
              "Name": "tanvora-vpc",
              "Owner": "Ajay Vishwakarma",
              "Project": "Tanvora"
            }
          },
          "sensitive_attributes": [],
          "private": "eyJzY2hlbWFfdmVyc2lvbiI6IjEifQ=="
        }
      ]
    }
  ],
  "check_results": null
}
