{
  "version": 4,
  "terraform_version": "1.10.3",
  "serial": 139,
  "lineage": "d4da79f5-3e90-9ce8-d065-874f2c27f004",
  "outputs": {
    "cloudtrail_bucket_name": {
      "value": "tanvora-cloudtrail-ap-south-1",
      "type": "string"
    },
    "cloudtrail_trail_name": {
      "value": "tanvora-trail",
      "type": "string"
    },
    "cloudwatch_endpoint_id": {
      "value": "vpce-041b4b8bd44211e20",
      "type": "string"
    },
    "config_alerts_sns_topic": {
      "value": "arn:aws:sns:ap-south-1:506511510973:tanvora-config-alerts",
      "type": "string"
    },
    "config_bucket_name": {
      "value": "tanvora-config-ap-south-1",
      "type": "string"
    },
    "config_recorder_name": {
      "value": "tanvora-config-recorder",
      "type": "string"
    },
    "config_rules": {
      "value": [
        "s3-bucket-public-read-prohibited",
        "ec2-instance-no-public-ip",
        "encrypted-volumes",
        "root-account-mfa-enabled"
      ],
      "type": [
        "tuple",
        [
          "string",
          "string",
          "string",
          "string"
        ]
      ]
    },
    "dynamodb_gateway_endpoint_id": {
      "value": "vpce-092a77985cd583672",
      "type": "string"
    },
    "ec2_instance_profile": {
      "value": "tanvora-ec2-profile",
      "type": "string"
    },
    "ec2_messages_endpoint_id": {
      "value": "vpce-09b97b9b5e614dd5d",
      "type": "string"
    },
    "iam_admin_user": {
      "value": "ajay.vishwakarma",
      "type": "string"
    },
    "iam_auditor_user": {
      "value": "audit.user",
      "type": "string"
    },
    "iam_developer_user": {
      "value": "raunak.developer",
      "type": "string"
    },
    "internet_gateway_id": {
      "value": "igw-0c33125ce8bc87674",
      "type": "string"
    },
    "lambda_role_name": {
      "value": "tanvora-lambda-role",
      "type": "string"
    },
    "nat_eip": {
      "value": "13.234.154.134",
      "type": "string"
    },
    "nat_gateway_id": {
      "value": "nat-0800dcc2842585719",
      "type": "string"
    },
    "private_route_table_id": {
      "value": "rtb-0503734f82008610e",
      "type": "string"
    },
    "private_subnet_cidr": {
      "value": "10.0.2.0/24",
      "type": "string"
    },
    "private_subnet_id": {
      "value": "subnet-020d44a17c0462f42",
      "type": "string"
    },
    "public_route_table_id": {
      "value": "rtb-052853e3f002796f8",
      "type": "string"
    },
    "public_subnet_cidr": {
      "value": "10.0.1.0/24",
      "type": "string"
    },
    "public_subnet_id": {
      "value": "subnet-0d5bc0fc9111c6503",
      "type": "string"
    },
    "s3_gateway_endpoint_id": {
      "value": "vpce-094eef8ab59010789",
      "type": "string"
    },
    "ssm_interface_endpoint_id": {
      "value": "vpce-019c5b5b8584f568b",
      "type": "string"
    },
    "ssmmessages_endpoint_id": {
      "value": "vpce-06e120685ba342b7b",
      "type": "string"
    },
    "vpc_cidr": {
      "value": "10.0.0.0/16",
      "type": "string"
    },
    "vpc_flow_log_group": {
      "value": "/aws/vpc/tanvora/flowlogs",
      "type": "string"
    },
    "vpc_flow_log_id": {
      "value": "fl-05a9cbef2ccb991cc",
      "type": "string"
    },
    "vpc_flow_logs_bucket_name": {
      "value": "tanvora-vpc-flowlogs-ap-south-1",
      "type": "string"
    },
    "vpc_id": {
      "value": "vpc-07c98d82db67d153b",
      "type": "string"
    }
  },
  "resources": [
    {
      "mode": "data",
      "type": "aws_caller_identity",
      "name": "current",
      "provider": "provider[\"registry.terraform.io/hashicorp/aws\"]",
      "instances": [
        {
          "schema_version": 0,
          "attributes": {
            "account_id": "506511510973",
            "arn": "arn:aws:iam::506511510973:user/admin",
            "id": "506511510973",
            "user_id": "AIDAXL3TQJW6SDKZP23MG"
          },
          "sensitive_attributes": []
        }
      ]
    },
    {
      "mode": "managed",
      "type": "aws_cloudtrail",
      "name": "tanvora_trail",
      "provider": "provider[\"registry.terraform.io/hashicorp/aws\"]",
      "instances": [
        {
          "schema_version": 1,
          "attributes": {
            "advanced_event_selector": [],
            "arn": "arn:aws:cloudtrail:ap-south-1:506511510973:trail/tanvora-trail",
            "cloud_watch_logs_group_arn": "arn:aws:logs:ap-south-1:506511510973:log-group:/aws/cloudtrail/tanvora:*",
            "cloud_watch_logs_role_arn": "arn:aws:iam::506511510973:role/tanvora-cloudtrail-role",
            "enable_log_file_validation": true,
            "enable_logging": true,
            "event_selector": [],
            "home_region": "ap-south-1",
            "id": "arn:aws:cloudtrail:ap-south-1:506511510973:trail/tanvora-trail",
            "include_global_service_events": true,
            "insight_selector": [],
            "is_multi_region_trail": true,
            "is_organization_trail": false,
            "kms_key_id": "",
            "name": "tanvora-trail",
            "s3_bucket_name": "tanvora-cloudtrail-ap-south-1",
            "s3_key_prefix": "",
            "sns_topic_arn": "",
            "sns_topic_name": "",
            "tags": {
              "Environment": "Dev",
              "ManagedBy": "Terraform",
              "Name": "tanvora-cloudtrail",
              "Owner": "Ajay Vishwakarma",
              "Project": "Tanvora"
            },
            "tags_all": {
              "Environment": "Dev",
              "ManagedBy": "Terraform",
              "Name": "tanvora-cloudtrail",
              "Owner": "Ajay Vishwakarma",
              "Project": "Tanvora"
            }
          },
          "sensitive_attributes": [],
          "private": "eyJzY2hlbWFfdmVyc2lvbiI6IjEifQ==",
          "dependencies": [
            "aws_cloudwatch_log_group.cloudtrail",
            "aws_iam_role.cloudtrail",
            "aws_s3_bucket.cloudtrail_bucket",
            "data.aws_caller_identity.current"
          ]
        }
      ]
    },
    {
      "mode": "managed",
      "type": "aws_cloudwatch_event_rule",
      "name": "config_noncompliant_rule",
      "provider": "provider[\"registry.terraform.io/hashicorp/aws\"]",
      "instances": [
        {
          "schema_version": 1,
          "attributes": {
            "arn": "arn:aws:events:ap-south-1:506511510973:rule/tanvora-config-noncompliance",
            "description": "Triggers when AWS Config marks a resource NON_COMPLIANT",
            "event_bus_name": "default",
            "event_pattern": "{\"detail\":{\"newEvaluationResult\":{\"complianceType\":[\"NON_COMPLIANT\"]}},\"detail-type\":[\"Config Rules Compliance Change\"],\"source\":[\"aws.config\"]}",
            "force_destroy": false,
            "id": "tanvora-config-noncompliance",
            "is_enabled": true,
            "name": "tanvora-config-noncompliance",
            "name_prefix": "",
            "role_arn": "",
            "schedule_expression": "",
            "state": "ENABLED",
            "tags": {
              "Environment": "Dev",
              "ManagedBy": "Terraform",
              "Owner": "Ajay Vishwakarma",
              "Project": "Tanvora"
            },
            "tags_all": {
              "Environment": "Dev",
              "ManagedBy": "Terraform",
              "Owner": "Ajay Vishwakarma",
              "Project": "Tanvora"
            }
          },
          "sensitive_attributes": [],
          "private": "eyJzY2hlbWFfdmVyc2lvbiI6IjEifQ=="
        }
      ]
    },
    {
      "mode": "managed",
      "type": "aws_cloudwatch_event_target",
      "name": "config_to_sns",
      "provider": "provider[\"registry.terraform.io/hashicorp/aws\"]",
      "instances": [
        {
          "schema_version": 1,
          "attributes": {
            "appsync_target": [],
            "arn": "arn:aws:sns:ap-south-1:506511510973:tanvora-config-alerts",
            "batch_target": [],
            "dead_letter_config": [],
            "ecs_target": [],
            "event_bus_name": "default",
            "force_destroy": false,
            "http_target": [],
            "id": "tanvora-config-noncompliance-SendToSNS",
            "input": "",
            "input_path": "",
            "input_transformer": [],
            "kinesis_target": [],
            "redshift_target": [],
            "retry_policy": [],
            "role_arn": "",
            "rule": "tanvora-config-noncompliance",
            "run_command_targets": [],
            "sagemaker_pipeline_target": [],
            "sqs_target": [],
            "target_id": "SendToSNS"
          },
          "sensitive_attributes": [],
          "private": "eyJzY2hlbWFfdmVyc2lvbiI6IjEifQ==",
          "dependencies": [
            "aws_cloudwatch_event_rule.config_noncompliant_rule",
            "aws_sns_topic.config_alerts_topic"
          ]
        }
      ]
    },
    {
      "mode": "managed",
      "type": "aws_cloudwatch_event_target",
      "name": "config_to_sns_with_role",
      "provider": "provider[\"registry.terraform.io/hashicorp/aws\"]",
      "instances": [
        {
          "schema_version": 1,
          "attributes": {
            "appsync_target": [],
            "arn": "arn:aws:sns:ap-south-1:506511510973:tanvora-config-alerts",
            "batch_target": [],
            "dead_letter_config": [],
            "ecs_target": [],
            "event_bus_name": "default",
            "force_destroy": false,
            "http_target": [],
            "id": "tanvora-config-noncompliance-SendToSNS",
            "input": "",
            "input_path": "",
            "input_transformer": [],
            "kinesis_target": [],
            "redshift_target": [],
            "retry_policy": [],
            "role_arn": "arn:aws:iam::506511510973:role/tanvora-eventbridge-sns-role",
            "rule": "tanvora-config-noncompliance",
            "run_command_targets": [],
            "sagemaker_pipeline_target": [],
            "sqs_target": [],
            "target_id": "SendToSNS"
          },
          "sensitive_attributes": [],
          "private": "eyJzY2hlbWFfdmVyc2lvbiI6IjEifQ==",
          "dependencies": [
            "aws_cloudwatch_event_rule.config_noncompliant_rule",
            "aws_iam_role.eventbridge_sns_role",
            "aws_sns_topic.config_alerts_topic"
          ]
        }
      ]
    },
    {
      "mode": "managed",
      "type": "aws_cloudwatch_log_group",
      "name": "cloudtrail",
      "provider": "provider[\"registry.terraform.io/hashicorp/aws\"]",
      "instances": [
        {
          "schema_version": 0,
          "attributes": {
            "arn": "arn:aws:logs:ap-south-1:506511510973:log-group:/aws/cloudtrail/tanvora",
            "id": "/aws/cloudtrail/tanvora",
            "kms_key_id": "",
            "log_group_class": "STANDARD",
            "name": "/aws/cloudtrail/tanvora",
            "name_prefix": "",
            "retention_in_days": 30,
            "skip_destroy": false,
            "tags": {
              "Environment": "Dev",
              "ManagedBy": "Terraform",
              "Owner": "Ajay Vishwakarma",
              "Project": "Tanvora"
            },
            "tags_all": {
              "Environment": "Dev",
              "ManagedBy": "Terraform",
              "Owner": "Ajay Vishwakarma",
              "Project": "Tanvora"
            }
          },
          "sensitive_attributes": [],
          "private": "bnVsbA=="
        }
      ]
    },
    {
      "mode": "managed",
      "type": "aws_cloudwatch_log_group",
      "name": "vpc_flow",
      "provider": "provider[\"registry.terraform.io/hashicorp/aws\"]",
      "instances": [
        {
          "schema_version": 0,
          "attributes": {
            "arn": "arn:aws:logs:ap-south-1:506511510973:log-group:/aws/vpc/tanvora/flowlogs",
            "id": "/aws/vpc/tanvora/flowlogs",
            "kms_key_id": "",
            "log_group_class": "STANDARD",
            "name": "/aws/vpc/tanvora/flowlogs",
            "name_prefix": "",
            "retention_in_days": 30,
            "skip_destroy": false,
            "tags": {
              "Environment": "Dev",
              "ManagedBy": "Terraform",
              "Owner": "Ajay Vishwakarma",
              "Project": "Tanvora"
            },
            "tags_all": {
              "Environment": "Dev",
              "ManagedBy": "Terraform",
              "Owner": "Ajay Vishwakarma",
              "Project": "Tanvora"
            }
          },
          "sensitive_attributes": [],
          "private": "bnVsbA=="
        }
      ]
    },
    {
      "mode": "managed",
      "type": "aws_config_config_rule",
      "name": "ebs_encrypted",
      "provider": "provider[\"registry.terraform.io/hashicorp/aws\"]",
      "instances": [
        {
          "schema_version": 0,
          "attributes": {
            "arn": "arn:aws:config:ap-south-1:506511510973:config-rule/config-rule-wo54qk",
            "description": "",
            "evaluation_mode": [
              {
                "mode": "DETECTIVE"
              }
            ],
            "id": "encrypted-volumes",
            "input_parameters": "",
            "maximum_execution_frequency": "",
            "name": "encrypted-volumes",
            "rule_id": "config-rule-wo54qk",
            "scope": [],
            "source": [
              {
                "custom_policy_details": [],
                "owner": "AWS",
                "source_detail": [],
                "source_identifier": "ENCRYPTED_VOLUMES"
              }
            ],
            "tags": {
              "Environment": "Dev",
              "ManagedBy": "Terraform",
              "Name": "EBS Encrypted Volumes",
              "Owner": "Ajay Vishwakarma",
              "Project": "Tanvora"
            },
            "tags_all": {
              "Environment": "Dev",
              "ManagedBy": "Terraform",
              "Name": "EBS Encrypted Volumes",
              "Owner": "Ajay Vishwakarma",
              "Project": "Tanvora"
            }
          },
          "sensitive_attributes": [],
          "private": "bnVsbA==",
          "dependencies": [
            "aws_config_configuration_recorder.tanvora_config",
            "aws_config_configuration_recorder_status.tanvora_config_status",
            "aws_config_delivery_channel.tanvora_channel",
            "aws_iam_role.config_role",
            "aws_s3_bucket.config_bucket"
          ]
        }
      ]
    },
    {
      "mode": "managed",
      "type": "aws_config_config_rule",
      "name": "ec2_no_public_ip",
      "provider": "provider[\"registry.terraform.io/hashicorp/aws\"]",
      "instances": [
        {
          "schema_version": 0,
          "attributes": {
            "arn": "arn:aws:config:ap-south-1:506511510973:config-rule/config-rule-xdlh1r",
            "description": "",
            "evaluation_mode": [
              {
                "mode": "DETECTIVE"
              }
            ],
            "id": "ec2-instance-no-public-ip",
            "input_parameters": "",
            "maximum_execution_frequency": "",
            "name": "ec2-instance-no-public-ip",
            "rule_id": "config-rule-xdlh1r",
            "scope": [],
            "source": [
              {
                "custom_policy_details": [],
                "owner": "AWS",
                "source_detail": [],
                "source_identifier": "EC2_INSTANCE_NO_PUBLIC_IP"
              }
            ],
            "tags": {
              "Environment": "Dev",
              "ManagedBy": "Terraform",
              "Name": "EC2 No Public IP",
              "Owner": "Ajay Vishwakarma",
              "Project": "Tanvora"
            },
            "tags_all": {
              "Environment": "Dev",
              "ManagedBy": "Terraform",
              "Name": "EC2 No Public IP",
              "Owner": "Ajay Vishwakarma",
              "Project": "Tanvora"
            }
          },
          "sensitive_attributes": [],
          "private": "bnVsbA==",
          "dependencies": [
            "aws_config_configuration_recorder.tanvora_config",
            "aws_config_configuration_recorder_status.tanvora_config_status",
            "aws_config_delivery_channel.tanvora_channel",
            "aws_iam_role.config_role",
            "aws_s3_bucket.config_bucket"
          ]
        }
      ]
    },
    {
      "mode": "managed",
      "type": "aws_config_config_rule",
      "name": "root_mfa",
      "provider": "provider[\"registry.terraform.io/hashicorp/aws\"]",
      "instances": [
        {
          "schema_version": 0,
          "attributes": {
            "arn": "arn:aws:config:ap-south-1:506511510973:config-rule/config-rule-hi9hvq",
            "description": "",
            "evaluation_mode": [
              {
                "mode": "DETECTIVE"
              }
            ],
            "id": "root-account-mfa-enabled",
            "input_parameters": "",
            "maximum_execution_frequency": "",
            "name": "root-account-mfa-enabled",
            "rule_id": "config-rule-hi9hvq",
            "scope": [],
            "source": [
              {
                "custom_policy_details": [],
                "owner": "AWS",
                "source_detail": [],
                "source_identifier": "ROOT_ACCOUNT_MFA_ENABLED"
              }
            ],
            "tags": {
              "Environment": "Dev",
              "ManagedBy": "Terraform",
              "Name": "Root MFA Enabled",
              "Owner": "Ajay Vishwakarma",
              "Project": "Tanvora"
            },
            "tags_all": {
              "Environment": "Dev",
              "ManagedBy": "Terraform",
              "Name": "Root MFA Enabled",
              "Owner": "Ajay Vishwakarma",
              "Project": "Tanvora"
            }
          },
          "sensitive_attributes": [],
          "private": "bnVsbA==",
          "dependencies": [
            "aws_config_configuration_recorder.tanvora_config",
            "aws_config_configuration_recorder_status.tanvora_config_status",
            "aws_config_delivery_channel.tanvora_channel",
            "aws_iam_role.config_role",
            "aws_s3_bucket.config_bucket"
          ]
        }
      ]
    },
    {
      "mode": "managed",
      "type": "aws_config_config_rule",
      "name": "s3_public_read",
      "provider": "provider[\"registry.terraform.io/hashicorp/aws\"]",
      "instances": [
        {
          "schema_version": 0,
          "attributes": {
            "arn": "arn:aws:config:ap-south-1:506511510973:config-rule/config-rule-wsa0ez",
            "description": "",
            "evaluation_mode": [
              {
                "mode": "DETECTIVE"
              }
            ],
            "id": "s3-bucket-public-read-prohibited",
            "input_parameters": "",
            "maximum_execution_frequency": "",
            "name": "s3-bucket-public-read-prohibited",
            "rule_id": "config-rule-wsa0ez",
            "scope": [],
            "source": [
              {
                "custom_policy_details": [],
                "owner": "AWS",
                "source_detail": [],
                "source_identifier": "S3_BUCKET_PUBLIC_READ_PROHIBITED"
              }
            ],
            "tags": {
              "Environment": "Dev",
              "ManagedBy": "Terraform",
              "Name": "S3 Public Read Prohibited",
              "Owner": "Ajay Vishwakarma",
              "Project": "Tanvora"
            },
            "tags_all": {
              "Environment": "Dev",
              "ManagedBy": "Terraform",
              "Name": "S3 Public Read Prohibited",
              "Owner": "Ajay Vishwakarma",
              "Project": "Tanvora"
            }
          },
          "sensitive_attributes": [],
          "private": "bnVsbA==",
          "dependencies": [
            "aws_config_configuration_recorder.tanvora_config",
            "aws_config_configuration_recorder_status.tanvora_config_status",
            "aws_config_delivery_channel.tanvora_channel",
            "aws_iam_role.config_role",
            "aws_s3_bucket.config_bucket"
          ]
        }
      ]
    },
    {
      "mode": "managed",
      "type": "aws_config_configuration_recorder",
      "name": "tanvora_config",
      "provider": "provider[\"registry.terraform.io/hashicorp/aws\"]",
      "instances": [
        {
          "schema_version": 0,
          "attributes": {
            "id": "tanvora-config-recorder",
            "name": "tanvora-config-recorder",
            "recording_group": [
              {
                "all_supported": true,
                "exclusion_by_resource_types": [
                  {
                    "resource_types": []
                  }
                ],
                "include_global_resource_types": true,
                "recording_strategy": [
                  {
                    "use_only": "ALL_SUPPORTED_RESOURCE_TYPES"
                  }
                ],
                "resource_types": []
              }
            ],
            "recording_mode": [
              {
                "recording_frequency": "CONTINUOUS",
                "recording_mode_override": []
              }
            ],
            "role_arn": "arn:aws:iam::506511510973:role/tanvora-config-role"
          },
          "sensitive_attributes": [],
          "private": "bnVsbA==",
          "dependencies": [
            "aws_iam_role.config_role"
          ]
        }
      ]
    },
    {
      "mode": "managed",
      "type": "aws_config_configuration_recorder_status",
      "name": "tanvora_config_status",
      "provider": "provider[\"registry.terraform.io/hashicorp/aws\"]",
      "instances": [
        {
          "schema_version": 0,
          "attributes": {
            "id": "tanvora-config-recorder",
            "is_enabled": true,
            "name": "tanvora-config-recorder"
          },
          "sensitive_attributes": [],
          "private": "bnVsbA==",
          "dependencies": [
            "aws_config_configuration_recorder.tanvora_config",
            "aws_config_delivery_channel.tanvora_channel",
            "aws_iam_role.config_role",
            "aws_s3_bucket.config_bucket"
          ]
        }
      ]
    },
    {
      "mode": "managed",
      "type": "aws_config_delivery_channel",
      "name": "tanvora_channel",
      "provider": "provider[\"registry.terraform.io/hashicorp/aws\"]",
      "instances": [
        {
          "schema_version": 0,
          "attributes": {
            "id": "tanvora-config-channel",
            "name": "tanvora-config-channel",
            "s3_bucket_name": "tanvora-config-ap-south-1",
            "s3_key_prefix": "",
            "s3_kms_key_arn": "",
            "snapshot_delivery_properties": [],
            "sns_topic_arn": ""
          },
          "sensitive_attributes": [],
          "private": "bnVsbA==",
          "dependencies": [
            "aws_config_configuration_recorder.tanvora_config",
            "aws_iam_role.config_role",
            "aws_s3_bucket.config_bucket"
          ]
        }
      ]
    },
    {
      "mode": "managed",
      "type": "aws_eip",
      "name": "tanvora_nat_eip",
      "provider": "provider[\"registry.terraform.io/hashicorp/aws\"]",
      "instances": [
        {
          "schema_version": 0,
          "attributes": {
            "address": null,
            "allocation_id": "eipalloc-0b1d9e4617162a402",
            "arn": "arn:aws:ec2:ap-south-1:506511510973:elastic-ip/eipalloc-0b1d9e4617162a402",
            "associate_with_private_ip": null,
            "association_id": "eipassoc-0af26863b8e7545b0",
            "carrier_ip": "",
            "customer_owned_ip": "",
            "customer_owned_ipv4_pool": "",
            "domain": "vpc",
            "id": "eipalloc-0b1d9e4617162a402",
            "instance": "",
            "ipam_pool_id": null,
            "network_border_group": "ap-south-1",
            "network_interface": "eni-0ef765c5ae8d20935",
            "private_dns": "ip-10-0-1-180.ap-south-1.compute.internal",
            "private_ip": "10.0.1.180",
            "ptr_record": "",
            "public_dns": "ec2-13-234-154-134.ap-south-1.compute.amazonaws.com",
            "public_ip": "13.234.154.134",
            "public_ipv4_pool": "amazon",
            "tags": {
              "Environment": "Dev",
              "ManagedBy": "Terraform",
              "Name": "tanvora-nat-eip",
              "Owner": "Ajay Vishwakarma",
              "Project": "Tanvora",
              "Type": "Public"
            },
            "tags_all": {
              "Environment": "Dev",
              "ManagedBy": "Terraform",
              "Name": "tanvora-nat-eip",
              "Owner": "Ajay Vishwakarma",
              "Project": "Tanvora",
              "Type": "Public"
            },
            "timeouts": null,
            "vpc": true
          },
          "sensitive_attributes": [],
          "private": "eyJlMmJmYjczMC1lY2FhLTExZTYtOGY4OC0zNDM2M2JjN2M0YzAiOnsiZGVsZXRlIjoxODAwMDAwMDAwMDAsInJlYWQiOjkwMDAwMDAwMDAwMCwidXBkYXRlIjozMDAwMDAwMDAwMDB9fQ=="
        }
      ]
    },
    {
      "mode": "managed",
      "type": "aws_flow_log",
      "name": "tanvora_vpc_flow",
      "provider": "provider[\"registry.terraform.io/hashicorp/aws\"]",
      "instances": [
        {
          "schema_version": 0,
          "attributes": {
            "arn": "arn:aws:ec2:ap-south-1:506511510973:vpc-flow-log/fl-05a9cbef2ccb991cc",
            "deliver_cross_account_role": "",
            "destination_options": [],
            "eni_id": null,
            "iam_role_arn": "arn:aws:iam::506511510973:role/tanvora-vpc-flowlogs-role",
            "id": "fl-05a9cbef2ccb991cc",
            "log_destination": "arn:aws:logs:ap-south-1:506511510973:log-group:/aws/vpc/tanvora/flowlogs",
            "log_destination_type": "cloud-watch-logs",
            "log_format": "${version} ${account-id} ${interface-id} ${srcaddr} ${dstaddr} ${srcport} ${dstport} ${protocol} ${packets} ${bytes} ${start} ${end} ${action} ${log-status}",
            "log_group_name": "/aws/vpc/tanvora/flowlogs",
            "max_aggregation_interval": 600,
            "subnet_id": null,
            "tags": {
              "Environment": "Dev",
              "ManagedBy": "Terraform",
              "Name": "tanvora-vpc-flowlogs",
              "Owner": "Ajay Vishwakarma",
              "Project": "Tanvora",
              "Type": "Monitoring"
            },
            "tags_all": {
              "Environment": "Dev",
              "ManagedBy": "Terraform",
              "Name": "tanvora-vpc-flowlogs",
              "Owner": "Ajay Vishwakarma",
              "Project": "Tanvora",
              "Type": "Monitoring"
            },
            "traffic_type": "ALL",
            "transit_gateway_attachment_id": null,
            "transit_gateway_id": null,
            "vpc_id": "vpc-07c98d82db67d153b"
          },
          "sensitive_attributes": [],
          "private": "bnVsbA==",
          "dependencies": [
            "aws_cloudwatch_log_group.vpc_flow",
            "aws_iam_role.vpc_flow",
            "aws_vpc.tanvora_vpc"
          ]
        }
      ]
    },
    {
      "mode": "managed",
      "type": "aws_flow_log",
      "name": "tanvora_vpc_flow_s3",
      "provider": "provider[\"registry.terraform.io/hashicorp/aws\"]",
      "instances": [
        {
          "schema_version": 0,
          "attributes": {
            "arn": "arn:aws:ec2:ap-south-1:506511510973:vpc-flow-log/fl-04227ba50fbafa8d7",
            "deliver_cross_account_role": "",
            "destination_options": [
              {
                "file_format": "plain-text",
                "hive_compatible_partitions": false,
                "per_hour_partition": false
              }
            ],
            "eni_id": null,
            "iam_role_arn": "",
            "id": "fl-04227ba50fbafa8d7",
            "log_destination": "arn:aws:s3:::tanvora-vpc-flowlogs-ap-south-1",
            "log_destination_type": "s3",
            "log_format": "${version} ${account-id} ${interface-id} ${srcaddr} ${dstaddr} ${srcport} ${dstport} ${protocol} ${packets} ${bytes} ${start} ${end} ${action} ${log-status}",
            "log_group_name": "",
            "max_aggregation_interval": 600,
            "subnet_id": null,
            "tags": {
              "Environment": "Dev",
              "ManagedBy": "Terraform",
              "Name": "tanvora-vpc-flowlogs-s3",
              "Owner": "Ajay Vishwakarma",
              "Project": "Tanvora",
              "Type": "Monitoring"
            },
            "tags_all": {
              "Environment": "Dev",
              "ManagedBy": "Terraform",
              "Name": "tanvora-vpc-flowlogs-s3",
              "Owner": "Ajay Vishwakarma",
              "Project": "Tanvora",
              "Type": "Monitoring"
            },
            "traffic_type": "ALL",
            "transit_gateway_attachment_id": null,
            "transit_gateway_id": null,
            "vpc_id": "vpc-07c98d82db67d153b"
          },
          "sensitive_attributes": [],
          "private": "bnVsbA==",
          "dependencies": [
            "aws_s3_bucket.vpc_flow_logs_bucket",
            "aws_vpc.tanvora_vpc"
          ]
        }
      ]
    },
    {
      "mode": "managed",
      "type": "aws_iam_account_password_policy",
      "name": "secure_policy",
      "provider": "provider[\"registry.terraform.io/hashicorp/aws\"]",
      "instances": [
        {
          "schema_version": 0,
          "attributes": {
            "allow_users_to_change_password": true,
            "expire_passwords": true,
            "hard_expiry": false,
            "id": "iam-account-password-policy",
            "max_password_age": 90,
            "minimum_password_length": 12,
            "password_reuse_prevention": 5,
            "require_lowercase_characters": true,
            "require_numbers": true,
            "require_symbols": true,
            "require_uppercase_characters": true
          },
          "sensitive_attributes": [],
          "private": "bnVsbA=="
        }
      ]
    },
    {
      "mode": "managed",
      "type": "aws_iam_group",
      "name": "admins",
      "provider": "provider[\"registry.terraform.io/hashicorp/aws\"]",
      "instances": [
        {
          "schema_version": 0,
          "attributes": {
            "arn": "arn:aws:iam::506511510973:group/Administrators",
            "id": "Administrators",
            "name": "Administrators",
            "path": "/",
            "unique_id": "AGPAXL3TQJW64EHN2DLSI"
          },
          "sensitive_attributes": [],
          "private": "bnVsbA=="
        }
      ]
    },
    {
      "mode": "managed",
      "type": "aws_iam_group",
      "name": "auditors",
      "provider": "provider[\"registry.terraform.io/hashicorp/aws\"]",
      "instances": [
        {
          "schema_version": 0,
          "attributes": {
            "arn": "arn:aws:iam::506511510973:group/Auditors",
            "id": "Auditors",
            "name": "Auditors",
            "path": "/",
            "unique_id": "AGPAXL3TQJW657TF6KISB"
          },
          "sensitive_attributes": [],
          "private": "bnVsbA=="
        }
      ]
    },
    {
      "mode": "managed",
      "type": "aws_iam_group",
      "name": "developers",
      "provider": "provider[\"registry.terraform.io/hashicorp/aws\"]",
      "instances": [
        {
          "schema_version": 0,
          "attributes": {
            "arn": "arn:aws:iam::506511510973:group/Developers",
            "id": "Developers",
            "name": "Developers",
            "path": "/",
            "unique_id": "AGPAXL3TQJW6XZZ552QLI"
          },
          "sensitive_attributes": [],
          "private": "bnVsbA=="
        }
      ]
    },
    {
      "mode": "managed",
      "type": "aws_iam_group_policy_attachment",
      "name": "admins_attach",
      "provider": "provider[\"registry.terraform.io/hashicorp/aws\"]",
      "instances": [
        {
          "schema_version": 0,
          "attributes": {
            "group": "Administrators",
            "id": "Administrators-20251026163551259200000004",
            "policy_arn": "arn:aws:iam::aws:policy/AdministratorAccess"
          },
          "sensitive_attributes": [],
          "private": "bnVsbA==",
          "dependencies": [
            "aws_iam_group.admins"
          ]
        }
      ]
    },
    {
      "mode": "managed",
      "type": "aws_iam_group_policy_attachment",
      "name": "auditors_attach",
      "provider": "provider[\"registry.terraform.io/hashicorp/aws\"]",
      "instances": [
        {
          "schema_version": 0,
          "attributes": {
            "group": "Auditors",
            "id": "Auditors-20251026163551264000000005",
            "policy_arn": "arn:aws:iam::aws:policy/ReadOnlyAccess"
          },
          "sensitive_attributes": [],
          "private": "bnVsbA==",
          "dependencies": [
            "aws_iam_group.auditors"
          ]
        }
      ]
    },
    {
      "mode": "managed",
      "type": "aws_iam_group_policy_attachment",
      "name": "developers_attach",
      "provider": "provider[\"registry.terraform.io/hashicorp/aws\"]",
      "instances": [
        {
          "schema_version": 0,
          "attributes": {
            "group": "Developers",
            "id": "Developers-20251026163551296200000006",
            "policy_arn": "arn:aws:iam::aws:policy/PowerUserAccess"
          },
          "sensitive_attributes": [],
          "private": "bnVsbA==",
          "dependencies": [
            "aws_iam_group.developers"
          ]
        }
      ]
    },
    {
      "mode": "managed",
      "type": "aws_iam_instance_profile",
      "name": "ec2_instance_profile",
      "provider": "provider[\"registry.terraform.io/hashicorp/aws\"]",
      "instances": [
        {
          "schema_version": 0,
          "attributes": {
            "arn": "arn:aws:iam::506511510973:instance-profile/tanvora-ec2-profile",
            "create_date": "2025-10-26T16:45:19Z",
            "id": "tanvora-ec2-profile",
            "name": "tanvora-ec2-profile",
            "name_prefix": "",
            "path": "/",
            "role": "tanvora-ec2-role",
            "tags": {},
            "tags_all": {},
            "unique_id": "AIPAXL3TQJW6QYWFV2ICU"
          },
          "sensitive_attributes": [],
          "private": "bnVsbA==",
          "dependencies": [
            "aws_iam_role.ec2_role"
          ]
        }
      ]
    },
    {
      "mode": "managed",
      "type": "aws_iam_policy",
      "name": "ec2_policy",
      "provider": "provider[\"registry.terraform.io/hashicorp/aws\"]",
      "instances": [
        {
          "schema_version": 0,
          "attributes": {
            "arn": "arn:aws:iam::506511510973:policy/tanvora-ec2-policy",
            "attachment_count": 1,
            "description": "Allow EC2 to read S3 and write logs to CloudWatch",
            "id": "arn:aws:iam::506511510973:policy/tanvora-ec2-policy",
            "name": "tanvora-ec2-policy",
            "name_prefix": "",
            "path": "/",
            "policy": "{\"Statement\":[{\"Action\":[\"s3:GetObject\",\"s3:ListBucket\"],\"Effect\":\"Allow\",\"Resource\":\"*\"},{\"Action\":[\"logs:CreateLogGroup\",\"logs:CreateLogStream\",\"logs:PutLogEvents\"],\"Effect\":\"Allow\",\"Resource\":\"*\"}],\"Version\":\"2012-10-17\"}",
            "policy_id": "ANPAXL3TQJW6ZWZ7MSKQ2",
            "tags": {},
            "tags_all": {}
          },
          "sensitive_attributes": [],
          "private": "bnVsbA=="
        }
      ]
    },
    {
      "mode": "managed",
      "type": "aws_iam_policy",
      "name": "require_mfa",
      "provider": "provider[\"registry.terraform.io/hashicorp/aws\"]",
      "instances": [
        {
          "schema_version": 0,
          "attributes": {
            "arn": "arn:aws:iam::506511510973:policy/require-mfa",
            "attachment_count": 3,
            "description": "Deny all actions except when MFA is enabled",
            "id": "arn:aws:iam::506511510973:policy/require-mfa",
            "name": "require-mfa",
            "name_prefix": "",
            "path": "/",
            "policy": "{\"Statement\":[{\"Action\":\"*\",\"Condition\":{\"BoolIfExists\":{\"aws:MultiFactorAuthPresent\":\"false\"}},\"Effect\":\"Deny\",\"Resource\":\"*\",\"Sid\":\"BlockMostActionsUnlessMFA\"}],\"Version\":\"2012-10-17\"}",
            "policy_id": "ANPAXL3TQJW64EHDBBI7F",
            "tags": {},
            "tags_all": {}
          },
          "sensitive_attributes": [],
          "private": "bnVsbA=="
        }
      ]
    },
    {
      "mode": "managed",
      "type": "aws_iam_role",
      "name": "cloudtrail",
      "provider": "provider[\"registry.terraform.io/hashicorp/aws\"]",
      "instances": [
        {
          "schema_version": 0,
          "attributes": {
            "arn": "arn:aws:iam::506511510973:role/tanvora-cloudtrail-role",
            "assume_role_policy": "{\"Statement\":[{\"Action\":\"sts:AssumeRole\",\"Effect\":\"Allow\",\"Principal\":{\"Service\":\"cloudtrail.amazonaws.com\"}}],\"Version\":\"2012-10-17\"}",
            "create_date": "2025-10-26T16:06:03Z",
            "description": "",
            "force_detach_policies": false,
            "id": "tanvora-cloudtrail-role",
            "inline_policy": [
              {
                "name": "tanvora-cloudtrail-policy",
                "policy": "{\"Version\":\"2012-10-17\",\"Statement\":[{\"Action\":[\"logs:CreateLogStream\",\"logs:PutLogEvents\"],\"Effect\":\"Allow\",\"Resource\":\"*\"}]}"
              }
            ],
            "managed_policy_arns": [],
            "max_session_duration": 3600,
            "name": "tanvora-cloudtrail-role",
            "name_prefix": "",
            "path": "/",
            "permissions_boundary": "",
            "tags": {
              "Environment": "Dev",
              "ManagedBy": "Terraform",
              "Owner": "Ajay Vishwakarma",
              "Project": "Tanvora"
            },
            "tags_all": {
              "Environment": "Dev",
              "ManagedBy": "Terraform",
              "Owner": "Ajay Vishwakarma",
              "Project": "Tanvora"
            },
            "unique_id": "AROAXL3TQJW673LR5KW73"
          },
          "sensitive_attributes": [],
          "private": "bnVsbA=="
        }
      ]
    },
    {
      "mode": "managed",
      "type": "aws_iam_role",
      "name": "config_role",
      "provider": "provider[\"registry.terraform.io/hashicorp/aws\"]",
      "instances": [
        {
          "schema_version": 0,
          "attributes": {
            "arn": "arn:aws:iam::506511510973:role/tanvora-config-role",
            "assume_role_policy": "{\"Statement\":[{\"Action\":\"sts:AssumeRole\",\"Effect\":\"Allow\",\"Principal\":{\"Service\":\"config.amazonaws.com\"}}],\"Version\":\"2012-10-17\"}",
            "create_date": "2025-10-26T16:16:24Z",
            "description": "",
            "force_detach_policies": false,
            "id": "tanvora-config-role",
            "inline_policy": [
              {
                "name": "tanvora-config-policy",
                "policy": "{\"Version\":\"2012-10-17\",\"Statement\":[{\"Action\":[\"s3:*\",\"config:*\",\"ec2:Describe*\",\"iam:List*\",\"iam:Get*\",\"rds:Describe*\",\"s3:ListAllMyBuckets\",\"lambda:List*\",\"lambda:Get*\"],\"Effect\":\"Allow\",\"Resource\":\"*\"}]}"
              }
            ],
            "managed_policy_arns": [],
            "max_session_duration": 3600,
            "name": "tanvora-config-role",
            "name_prefix": "",
            "path": "/",
            "permissions_boundary": "",
            "tags": {
              "Environment": "Dev",
              "ManagedBy": "Terraform",
              "Owner": "Ajay Vishwakarma",
              "Project": "Tanvora"
            },
            "tags_all": {
              "Environment": "Dev",
              "ManagedBy": "Terraform",
              "Owner": "Ajay Vishwakarma",
              "Project": "Tanvora"
            },
            "unique_id": "AROAXL3TQJW62AYZNISSO"
          },
          "sensitive_attributes": [],
          "private": "bnVsbA=="
        }
      ]
    },
    {
      "mode": "managed",
      "type": "aws_iam_role",
      "name": "ec2_role",
      "provider": "provider[\"registry.terraform.io/hashicorp/aws\"]",
      "instances": [
        {
          "schema_version": 0,
          "attributes": {
            "arn": "arn:aws:iam::506511510973:role/tanvora-ec2-role",
            "assume_role_policy": "{\"Statement\":[{\"Action\":\"sts:AssumeRole\",\"Effect\":\"Allow\",\"Principal\":{\"Service\":\"ec2.amazonaws.com\"}}],\"Version\":\"2012-10-17\"}",
            "create_date": "2025-10-26T16:45:18Z",
            "description": "",
            "force_detach_policies": false,
            "id": "tanvora-ec2-role",
            "inline_policy": [],
            "managed_policy_arns": [
              "arn:aws:iam::506511510973:policy/tanvora-ec2-policy"
            ],
            "max_session_duration": 3600,
            "name": "tanvora-ec2-role",
            "name_prefix": "",
            "path": "/",
            "permissions_boundary": "",
            "tags": {
              "Environment": "Dev",
              "ManagedBy": "Terraform",
              "Owner": "Ajay Vishwakarma",
              "Project": "Tanvora"
            },
            "tags_all": {
              "Environment": "Dev",
              "ManagedBy": "Terraform",
              "Owner": "Ajay Vishwakarma",
              "Project": "Tanvora"
            },
            "unique_id": "AROAXL3TQJW6SA47AEE5E"
          },
          "sensitive_attributes": [],
          "private": "bnVsbA=="
        }
      ]
    },
    {
      "mode": "managed",
      "type": "aws_iam_role",
      "name": "eventbridge_sns_role",
      "provider": "provider[\"registry.terraform.io/hashicorp/aws\"]",
      "instances": [
        {
          "schema_version": 0,
          "attributes": {
            "arn": "arn:aws:iam::506511510973:role/tanvora-eventbridge-sns-role",
            "assume_role_policy": "{\"Statement\":[{\"Action\":\"sts:AssumeRole\",\"Effect\":\"Allow\",\"Principal\":{\"Service\":\"events.amazonaws.com\"}}],\"Version\":\"2012-10-17\"}",
            "create_date": "2025-10-26T16:25:28Z",
            "description": "",
            "force_detach_policies": false,
            "id": "tanvora-eventbridge-sns-role",
            "inline_policy": [
              {
                "name": "tanvora-eventbridge-sns-policy",
                "policy": "{\"Version\":\"2012-10-17\",\"Statement\":[{\"Action\":\"sns:Publish\",\"Effect\":\"Allow\",\"Resource\":\"arn:aws:sns:ap-south-1:506511510973:tanvora-config-alerts\"}]}"
              }
            ],
            "managed_policy_arns": [],
            "max_session_duration": 3600,
            "name": "tanvora-eventbridge-sns-role",
            "name_prefix": "",
            "path": "/",
            "permissions_boundary": "",
            "tags": {
              "Environment": "Dev",
              "ManagedBy": "Terraform",
              "Owner": "Ajay Vishwakarma",
              "Project": "Tanvora"
            },
            "tags_all": {
              "Environment": "Dev",
              "ManagedBy": "Terraform",
              "Owner": "Ajay Vishwakarma",
              "Project": "Tanvora"
            },
            "unique_id": "AROAXL3TQJW6RKJC3RPHK"
          },
          "sensitive_attributes": [],
          "private": "bnVsbA=="
        }
      ]
    },
    {
      "mode": "managed",
      "type": "aws_iam_role",
      "name": "lambda_role",
      "provider": "provider[\"registry.terraform.io/hashicorp/aws\"]",
      "instances": [
        {
          "schema_version": 0,
          "attributes": {
            "arn": "arn:aws:iam::506511510973:role/tanvora-lambda-role",
            "assume_role_policy": "{\"Statement\":[{\"Action\":\"sts:AssumeRole\",\"Effect\":\"Allow\",\"Principal\":{\"Service\":\"lambda.amazonaws.com\"}}],\"Version\":\"2012-10-17\"}",
            "create_date": "2025-10-26T16:48:12Z",
            "description": "",
            "force_detach_policies": false,
            "id": "tanvora-lambda-role",
            "inline_policy": [],
            "managed_policy_arns": [
              "arn:aws:iam::aws:policy/service-role/AWSLambdaBasicExecutionRole"
            ],
            "max_session_duration": 3600,
            "name": "tanvora-lambda-role",
            "name_prefix": "",
            "path": "/",
            "permissions_boundary": "",
            "tags": {
              "Environment": "Dev",
              "ManagedBy": "Terraform",
              "Owner": "Ajay Vishwakarma",
              "Project": "Tanvora"
            },
            "tags_all": {
              "Environment": "Dev",
              "ManagedBy": "Terraform",
              "Owner": "Ajay Vishwakarma",
              "Project": "Tanvora"
            },
            "unique_id": "AROAXL3TQJW64EX2EKMK3"
          },
          "sensitive_attributes": [],
          "private": "bnVsbA=="
        }
      ]
    },
    {
      "mode": "managed",
      "type": "aws_iam_role",
      "name": "vpc_flow",
      "provider": "provider[\"registry.terraform.io/hashicorp/aws\"]",
      "instances": [
        {
          "schema_version": 0,
          "attributes": {
            "arn": "arn:aws:iam::506511510973:role/tanvora-vpc-flowlogs-role",
            "assume_role_policy": "{\"Statement\":[{\"Action\":\"sts:AssumeRole\",\"Effect\":\"Allow\",\"Principal\":{\"Service\":\"vpc-flow-logs.amazonaws.com\"}}],\"Version\":\"2012-10-17\"}",
            "create_date": "2025-10-26T15:37:00Z",
            "description": "",
            "force_detach_policies": false,
            "id": "tanvora-vpc-flowlogs-role",
            "inline_policy": [
              {
                "name": "tanvora-vpc-flowlogs-policy",
                "policy": "{\"Version\":\"2012-10-17\",\"Statement\":[{\"Action\":[\"logs:CreateLogStream\",\"logs:PutLogEvents\"],\"Effect\":\"Allow\",\"Resource\":\"*\"}]}"
              }
            ],
            "managed_policy_arns": [],
            "max_session_duration": 3600,
            "name": "tanvora-vpc-flowlogs-role",
            "name_prefix": "",
            "path": "/",
            "permissions_boundary": "",
            "tags": {
              "Environment": "Dev",
              "ManagedBy": "Terraform",
              "Owner": "Ajay Vishwakarma",
              "Project": "Tanvora"
            },
            "tags_all": {
              "Environment": "Dev",
              "ManagedBy": "Terraform",
              "Owner": "Ajay Vishwakarma",
              "Project": "Tanvora"
            },
            "unique_id": "AROAXL3TQJW66G2NXALXQ"
          },
          "sensitive_attributes": [],
          "private": "bnVsbA=="
        }
      ]
    },
    {
      "mode": "managed",
      "type": "aws_iam_role_policy",
      "name": "cloudtrail",
      "provider": "provider[\"registry.terraform.io/hashicorp/aws\"]",
      "instances": [
        {
          "schema_version": 0,
          "attributes": {
            "id": "tanvora-cloudtrail-role:tanvora-cloudtrail-policy",
            "name": "tanvora-cloudtrail-policy",
            "name_prefix": "",
            "policy": "{\"Version\":\"2012-10-17\",\"Statement\":[{\"Action\":[\"logs:CreateLogStream\",\"logs:PutLogEvents\"],\"Effect\":\"Allow\",\"Resource\":\"*\"}]}",
            "role": "tanvora-cloudtrail-role"
          },
          "sensitive_attributes": [],
          "private": "bnVsbA==",
          "dependencies": [
            "aws_iam_role.cloudtrail"
          ]
        }
      ]
    },
    {
      "mode": "managed",
      "type": "aws_iam_role_policy",
      "name": "config_role_policy",
      "provider": "provider[\"registry.terraform.io/hashicorp/aws\"]",
      "instances": [
        {
          "schema_version": 0,
          "attributes": {
            "id": "tanvora-config-role:tanvora-config-policy",
            "name": "tanvora-config-policy",
            "name_prefix": "",
            "policy": "{\"Version\":\"2012-10-17\",\"Statement\":[{\"Action\":[\"s3:*\",\"config:*\",\"ec2:Describe*\",\"iam:List*\",\"iam:Get*\",\"rds:Describe*\",\"s3:ListAllMyBuckets\",\"lambda:List*\",\"lambda:Get*\"],\"Effect\":\"Allow\",\"Resource\":\"*\"}]}",
            "role": "tanvora-config-role"
          },
          "sensitive_attributes": [],
          "private": "bnVsbA==",
          "dependencies": [
            "aws_iam_role.config_role"
          ]
        }
      ]
    },
    {
      "mode": "managed",
      "type": "aws_iam_role_policy",
      "name": "eventbridge_sns_policy",
      "provider": "provider[\"registry.terraform.io/hashicorp/aws\"]",
      "instances": [
        {
          "schema_version": 0,
          "attributes": {
            "id": "tanvora-eventbridge-sns-role:tanvora-eventbridge-sns-policy",
            "name": "tanvora-eventbridge-sns-policy",
            "name_prefix": "",
            "policy": "{\"Version\":\"2012-10-17\",\"Statement\":[{\"Action\":\"sns:Publish\",\"Effect\":\"Allow\",\"Resource\":\"arn:aws:sns:ap-south-1:506511510973:tanvora-config-alerts\"}]}",
            "role": "tanvora-eventbridge-sns-role"
          },
          "sensitive_attributes": [],
          "private": "bnVsbA==",
          "dependencies": [
            "aws_iam_role.eventbridge_sns_role",
            "aws_sns_topic.config_alerts_topic"
          ]
        }
      ]
    },
    {
      "mode": "managed",
      "type": "aws_iam_role_policy",
      "name": "vpc_flow",
      "provider": "provider[\"registry.terraform.io/hashicorp/aws\"]",
      "instances": [
        {
          "schema_version": 0,
          "attributes": {
            "id": "tanvora-vpc-flowlogs-role:tanvora-vpc-flowlogs-policy",
            "name": "tanvora-vpc-flowlogs-policy",
            "name_prefix": "",
            "policy": "{\"Version\":\"2012-10-17\",\"Statement\":[{\"Action\":[\"logs:CreateLogStream\",\"logs:PutLogEvents\"],\"Effect\":\"Allow\",\"Resource\":\"*\"}]}",
            "role": "tanvora-vpc-flowlogs-role"
          },
          "sensitive_attributes": [],
          "private": "bnVsbA==",
          "dependencies": [
            "aws_iam_role.vpc_flow"
          ]
        }
      ]
    },
    {
      "mode": "managed",
      "type": "aws_iam_role_policy_attachment",
      "name": "ec2_attach",
      "provider": "provider[\"registry.terraform.io/hashicorp/aws\"]",
      "instances": [
        {
          "schema_version": 0,
          "attributes": {
            "id": "tanvora-ec2-role-20251026164519463400000001",
            "policy_arn": "arn:aws:iam::506511510973:policy/tanvora-ec2-policy",
            "role": "tanvora-ec2-role"
          },
          "sensitive_attributes": [],
          "private": "bnVsbA==",
          "dependencies": [
            "aws_iam_policy.ec2_policy",
            "aws_iam_role.ec2_role"
          ]
        }
      ]
    },
    {
      "mode": "managed",
      "type": "aws_iam_role_policy_attachment",
      "name": "lambda_basic_attach",
      "provider": "provider[\"registry.terraform.io/hashicorp/aws\"]",
      "instances": [
        {
          "schema_version": 0,
          "attributes": {
            "id": "tanvora-lambda-role-20251026164813817700000001",
            "policy_arn": "arn:aws:iam::aws:policy/service-role/AWSLambdaBasicExecutionRole",
            "role": "tanvora-lambda-role"
          },
          "sensitive_attributes": [],
          "private": "bnVsbA==",
          "dependencies": [
            "aws_iam_role.lambda_role"
          ]
        }
      ]
    },
    {
      "mode": "managed",
      "type": "aws_iam_user",
      "name": "ajay_admin",
      "provider": "provider[\"registry.terraform.io/hashicorp/aws\"]",
      "instances": [
        {
          "schema_version": 0,
          "attributes": {
            "arn": "arn:aws:iam::506511510973:user/ajay.vishwakarma",
            "force_destroy": true,
            "id": "ajay.vishwakarma",
            "name": "ajay.vishwakarma",
            "path": "/",
            "permissions_boundary": "",
            "tags": {
              "Environment": "Dev",
              "ManagedBy": "Terraform",
              "Owner": "Ajay Vishwakarma",
              "Project": "Tanvora"
            },
            "tags_all": {
              "Environment": "Dev",
              "ManagedBy": "Terraform",
              "Owner": "Ajay Vishwakarma",
              "Project": "Tanvora"
            },
            "unique_id": "AIDAXL3TQJW6X7XFQQR55"
          },
          "sensitive_attributes": [],
          "private": "bnVsbA=="
        }
      ]
    },
    {
      "mode": "managed",
      "type": "aws_iam_user",
      "name": "audit_user",
      "provider": "provider[\"registry.terraform.io/hashicorp/aws\"]",
      "instances": [
        {
          "schema_version": 0,
          "attributes": {
            "arn": "arn:aws:iam::506511510973:user/audit.user",
            "force_destroy": true,
            "id": "audit.user",
            "name": "audit.user",
            "path": "/",
            "permissions_boundary": "",
            "tags": {
              "Environment": "Dev",
              "ManagedBy": "Terraform",
              "Owner": "Ajay Vishwakarma",
              "Project": "Tanvora"
            },
            "tags_all": {
              "Environment": "Dev",
              "ManagedBy": "Terraform",
              "Owner": "Ajay Vishwakarma",
              "Project": "Tanvora"
            },
            "unique_id": "AIDAXL3TQJW64GPT2E73Y"
          },
          "sensitive_attributes": [],
          "private": "bnVsbA=="
        }
      ]
    },
    {
      "mode": "managed",
      "type": "aws_iam_user",
      "name": "raunak_dev",
      "provider": "provider[\"registry.terraform.io/hashicorp/aws\"]",
      "instances": [
        {
          "schema_version": 0,
          "attributes": {
            "arn": "arn:aws:iam::506511510973:user/raunak.developer",
            "force_destroy": true,
            "id": "raunak.developer",
            "name": "raunak.developer",
            "path": "/",
            "permissions_boundary": "",
            "tags": {
              "Environment": "Dev",
              "ManagedBy": "Terraform",
              "Owner": "Ajay Vishwakarma",
              "Project": "Tanvora"
            },
            "tags_all": {
              "Environment": "Dev",
              "ManagedBy": "Terraform",
              "Owner": "Ajay Vishwakarma",
              "Project": "Tanvora"
            },
            "unique_id": "AIDAXL3TQJW62SCDXJ6DL"
          },
          "sensitive_attributes": [],
          "private": "bnVsbA=="
        }
      ]
    },
    {
      "mode": "managed",
      "type": "aws_iam_user_group_membership",
      "name": "ajay_to_admins",
      "provider": "provider[\"registry.terraform.io/hashicorp/aws\"]",
      "instances": [
        {
          "schema_version": 0,
          "attributes": {
            "groups": [
              "Administrators"
            ],
            "id": "terraform-20251026163551242800000003",
            "user": "ajay.vishwakarma"
          },
          "sensitive_attributes": [],
          "private": "bnVsbA==",
          "dependencies": [
            "aws_iam_group.admins",
            "aws_iam_user.ajay_admin"
          ]
        }
      ]
    },
    {
      "mode": "managed",
      "type": "aws_iam_user_group_membership",
      "name": "audit_to_auditors",
      "provider": "provider[\"registry.terraform.io/hashicorp/aws\"]",
      "instances": [
        {
          "schema_version": 0,
          "attributes": {
            "groups": [
              "Auditors"
            ],
            "id": "terraform-20251026163551195900000001",
            "user": "audit.user"
          },
          "sensitive_attributes": [],
          "private": "bnVsbA==",
          "dependencies": [
            "aws_iam_group.auditors",
            "aws_iam_user.audit_user"
          ]
        }
      ]
    },
    {
      "mode": "managed",
      "type": "aws_iam_user_group_membership",
      "name": "raunak_to_devs",
      "provider": "provider[\"registry.terraform.io/hashicorp/aws\"]",
      "instances": [
        {
          "schema_version": 0,
          "attributes": {
            "groups": [
              "Developers"
            ],
            "id": "terraform-20251026163551220400000002",
            "user": "raunak.developer"
          },
          "sensitive_attributes": [],
          "private": "bnVsbA==",
          "dependencies": [
            "aws_iam_group.developers",
            "aws_iam_user.raunak_dev"
          ]
        }
      ]
    },
    {
      "mode": "managed",
      "type": "aws_iam_user_policy_attachment",
      "name": "ajay_mfa",
      "provider": "provider[\"registry.terraform.io/hashicorp/aws\"]",
      "instances": [
        {
          "schema_version": 0,
          "attributes": {
            "id": "ajay.vishwakarma-20251026164022269300000001",
            "policy_arn": "arn:aws:iam::506511510973:policy/require-mfa",
            "user": "ajay.vishwakarma"
          },
          "sensitive_attributes": [],
          "private": "bnVsbA==",
          "dependencies": [
            "aws_iam_policy.require_mfa",
            "aws_iam_user.ajay_admin"
          ]
        }
      ]
    },
    {
      "mode": "managed",
      "type": "aws_iam_user_policy_attachment",
      "name": "audit_mfa",
      "provider": "provider[\"registry.terraform.io/hashicorp/aws\"]",
      "instances": [
        {
          "schema_version": 0,
          "attributes": {
            "id": "audit.user-20251026164022296200000002",
            "policy_arn": "arn:aws:iam::506511510973:policy/require-mfa",
            "user": "audit.user"
          },
          "sensitive_attributes": [],
          "private": "bnVsbA==",
          "dependencies": [
            "aws_iam_policy.require_mfa",
            "aws_iam_user.audit_user"
          ]
        }
      ]
    },
    {
      "mode": "managed",
      "type": "aws_iam_user_policy_attachment",
      "name": "raunak_mfa",
      "provider": "provider[\"registry.terraform.io/hashicorp/aws\"]",
      "instances": [
        {
          "schema_version": 0,
          "attributes": {
            "id": "raunak.developer-20251026164022576600000003",
            "policy_arn": "arn:aws:iam::506511510973:policy/require-mfa",
            "user": "raunak.developer"
          },
          "sensitive_attributes": [],
          "private": "bnVsbA==",
          "dependencies": [
            "aws_iam_policy.require_mfa",
            "aws_iam_user.raunak_dev"
          ]
        }
      ]
    },
    {
      "mode": "managed",
      "type": "aws_internet_gateway",
      "name": "tanvora_igw",
      "provider": "provider[\"registry.terraform.io/hashicorp/aws\"]",
      "instances": [
        {
          "schema_version": 0,
          "attributes": {
            "arn": "arn:aws:ec2:ap-south-1:506511510973:internet-gateway/igw-0c33125ce8bc87674",
            "id": "igw-0c33125ce8bc87674",
            "owner_id": "506511510973",
            "tags": {
              "Environment": "Dev",
              "ManagedBy": "Terraform",
              "Name": "tanvora-igw",
              "Owner": "Ajay Vishwakarma",
              "Project": "Tanvora"
            },
            "tags_all": {
              "Environment": "Dev",
              "ManagedBy": "Terraform",
              "Name": "tanvora-igw",
              "Owner": "Ajay Vishwakarma",
              "Project": "Tanvora"
            },
            "timeouts": null,
            "vpc_id": "vpc-07c98d82db67d153b"
          },
          "sensitive_attributes": [],
          "private": "eyJlMmJmYjczMC1lY2FhLTExZTYtOGY4OC0zNDM2M2JjN2M0YzAiOnsiY3JlYXRlIjoxMjAwMDAwMDAwMDAwLCJkZWxldGUiOjEyMDAwMDAwMDAwMDAsInVwZGF0ZSI6MTIwMDAwMDAwMDAwMH19",
          "dependencies": [
            "aws_vpc.tanvora_vpc"
          ]
        }
      ]
    },
    {
      "mode": "managed",
      "type": "aws_nat_gateway",
      "name": "tanvora_nat",
      "provider": "provider[\"registry.terraform.io/hashicorp/aws\"]",
      "instances": [
        {
          "schema_version": 0,
          "attributes": {
            "allocation_id": "eipalloc-0b1d9e4617162a402",
            "association_id": "eipassoc-0af26863b8e7545b0",
            "connectivity_type": "public",
            "id": "nat-0800dcc2842585719",
            "network_interface_id": "eni-0ef765c5ae8d20935",
            "private_ip": "10.0.1.180",
            "public_ip": "13.234.154.134",
            "secondary_allocation_ids": [],
            "secondary_private_ip_address_count": 0,
            "secondary_private_ip_addresses": [],
            "subnet_id": "subnet-0d5bc0fc9111c6503",
            "tags": {
              "Environment": "Dev",
              "ManagedBy": "Terraform",
              "Name": "tanvora-nat-gateway",
              "Owner": "Ajay Vishwakarma",
              "Project": "Tanvora",
              "Type": "Private"
            },
            "tags_all": {
              "Environment": "Dev",
              "ManagedBy": "Terraform",
              "Name": "tanvora-nat-gateway",
              "Owner": "Ajay Vishwakarma",
              "Project": "Tanvora",
              "Type": "Private"
            },
            "timeouts": null
          },
          "sensitive_attributes": [],
          "private": "eyJlMmJmYjczMC1lY2FhLTExZTYtOGY4OC0zNDM2M2JjN2M0YzAiOnsiY3JlYXRlIjo2MDAwMDAwMDAwMDAsImRlbGV0ZSI6MTgwMDAwMDAwMDAwMCwidXBkYXRlIjo2MDAwMDAwMDAwMDB9fQ==",
          "dependencies": [
            "aws_eip.tanvora_nat_eip",
            "aws_internet_gateway.tanvora_igw",
            "aws_subnet.public_subnet",
            "aws_vpc.tanvora_vpc"
          ]
        }
      ]
    },
    {
      "mode": "managed",
      "type": "aws_route",
      "name": "private_internet_route",
      "provider": "provider[\"registry.terraform.io/hashicorp/aws\"]",
      "instances": [
        {
          "schema_version": 0,
          "attributes": {
            "carrier_gateway_id": "",
            "core_network_arn": "",
            "destination_cidr_block": "0.0.0.0/0",
            "destination_ipv6_cidr_block": "",
            "destination_prefix_list_id": "",
            "egress_only_gateway_id": "",
            "gateway_id": "",
            "id": "r-rtb-0503734f82008610e1080289494",
            "instance_id": "",
            "instance_owner_id": "",
            "local_gateway_id": "",
            "nat_gateway_id": "nat-0800dcc2842585719",
            "network_interface_id": "",
            "origin": "CreateRoute",
            "route_table_id": "rtb-0503734f82008610e",
            "state": "active",
            "timeouts": null,
            "transit_gateway_id": "",
            "vpc_endpoint_id": "",
            "vpc_peering_connection_id": ""
          },
          "sensitive_attributes": [],
          "private": "eyJlMmJmYjczMC1lY2FhLTExZTYtOGY4OC0zNDM2M2JjN2M0YzAiOnsiY3JlYXRlIjozMDAwMDAwMDAwMDAsImRlbGV0ZSI6MzAwMDAwMDAwMDAwLCJ1cGRhdGUiOjEyMDAwMDAwMDAwMH19",
          "dependencies": [
            "aws_eip.tanvora_nat_eip",
            "aws_internet_gateway.tanvora_igw",
            "aws_nat_gateway.tanvora_nat",
            "aws_route_table.private_rt",
            "aws_subnet.public_subnet",
            "aws_vpc.tanvora_vpc"
          ]
        }
      ]
    },
    {
      "mode": "managed",
      "type": "aws_route",
      "name": "public_internet_route",
      "provider": "provider[\"registry.terraform.io/hashicorp/aws\"]",
      "instances": [
        {
          "schema_version": 0,
          "attributes": {
            "carrier_gateway_id": "",
            "core_network_arn": "",
            "destination_cidr_block": "0.0.0.0/0",
            "destination_ipv6_cidr_block": "",
            "destination_prefix_list_id": "",
            "egress_only_gateway_id": "",
            "gateway_id": "igw-0c33125ce8bc87674",
            "id": "r-rtb-052853e3f002796f81080289494",
            "instance_id": "",
            "instance_owner_id": "",
            "local_gateway_id": "",
            "nat_gateway_id": "",
            "network_interface_id": "",
            "origin": "CreateRoute",
            "route_table_id": "rtb-052853e3f002796f8",
            "state": "active",
            "timeouts": null,
            "transit_gateway_id": "",
            "vpc_endpoint_id": "",
            "vpc_peering_connection_id": ""
          },
          "sensitive_attributes": [],
          "private": "eyJlMmJmYjczMC1lY2FhLTExZTYtOGY4OC0zNDM2M2JjN2M0YzAiOnsiY3JlYXRlIjozMDAwMDAwMDAwMDAsImRlbGV0ZSI6MzAwMDAwMDAwMDAwLCJ1cGRhdGUiOjEyMDAwMDAwMDAwMH19",
          "dependencies": [
            "aws_internet_gateway.tanvora_igw",
            "aws_route_table.public_rt",
            "aws_vpc.tanvora_vpc"
          ]
        }
      ]
    },
    {
      "mode": "managed",
      "type": "aws_route_table",
      "name": "private_rt",
      "provider": "provider[\"registry.terraform.io/hashicorp/aws\"]",
      "instances": [
        {
          "schema_version": 0,
          "attributes": {
            "arn": "arn:aws:ec2:ap-south-1:506511510973:route-table/rtb-0503734f82008610e",
            "id": "rtb-0503734f82008610e",
            "owner_id": "506511510973",
            "propagating_vgws": [],
            "route": [
              {
                "carrier_gateway_id": "",
                "cidr_block": "0.0.0.0/0",
                "core_network_arn": "",
                "destination_prefix_list_id": "",
                "egress_only_gateway_id": "",
                "gateway_id": "",
                "ipv6_cidr_block": "",
                "local_gateway_id": "",
                "nat_gateway_id": "nat-0800dcc2842585719",
                "network_interface_id": "",
                "transit_gateway_id": "",
                "vpc_endpoint_id": "",
                "vpc_peering_connection_id": ""
              }
            ],
            "tags": {
              "Environment": "Dev",
              "ManagedBy": "Terraform",
              "Name": "tanvora-private-rt",
              "Owner": "Ajay Vishwakarma",
              "Project": "Tanvora",
              "Type": "Private"
            },
            "tags_all": {
              "Environment": "Dev",
              "ManagedBy": "Terraform",
              "Name": "tanvora-private-rt",
              "Owner": "Ajay Vishwakarma",
              "Project": "Tanvora",
              "Type": "Private"
            },
            "timeouts": null,
            "vpc_id": "vpc-07c98d82db67d153b"
          },
          "sensitive_attributes": [],
          "private": "eyJlMmJmYjczMC1lY2FhLTExZTYtOGY4OC0zNDM2M2JjN2M0YzAiOnsiY3JlYXRlIjozMDAwMDAwMDAwMDAsImRlbGV0ZSI6MzAwMDAwMDAwMDAwLCJ1cGRhdGUiOjEyMDAwMDAwMDAwMH19",
          "dependencies": [
            "aws_vpc.tanvora_vpc"
          ]
        }
      ]
    },
    {
      "mode": "managed",
      "type": "aws_route_table",
      "name": "public_rt",
      "provider": "provider[\"registry.terraform.io/hashicorp/aws\"]",
      "instances": [
        {
          "schema_version": 0,
          "attributes": {
            "arn": "arn:aws:ec2:ap-south-1:506511510973:route-table/rtb-052853e3f002796f8",
            "id": "rtb-052853e3f002796f8",
            "owner_id": "506511510973",
            "propagating_vgws": [],
            "route": [
              {
                "carrier_gateway_id": "",
                "cidr_block": "0.0.0.0/0",
                "core_network_arn": "",
                "destination_prefix_list_id": "",
                "egress_only_gateway_id": "",
                "gateway_id": "igw-0c33125ce8bc87674",
                "ipv6_cidr_block": "",
                "local_gateway_id": "",
                "nat_gateway_id": "",
                "network_interface_id": "",
                "transit_gateway_id": "",
                "vpc_endpoint_id": "",
                "vpc_peering_connection_id": ""
              }
            ],
            "tags": {
              "Environment": "Dev",
              "ManagedBy": "Terraform",
              "Name": "tanvora-public-rt",
              "Owner": "Ajay Vishwakarma",
              "Project": "Tanvora",
              "Type": "Public"
            },
            "tags_all": {
              "Environment": "Dev",
              "ManagedBy": "Terraform",
              "Name": "tanvora-public-rt",
              "Owner": "Ajay Vishwakarma",
              "Project": "Tanvora",
              "Type": "Public"
            },
            "timeouts": null,
            "vpc_id": "vpc-07c98d82db67d153b"
          },
          "sensitive_attributes": [],
          "private": "eyJlMmJmYjczMC1lY2FhLTExZTYtOGY4OC0zNDM2M2JjN2M0YzAiOnsiY3JlYXRlIjozMDAwMDAwMDAwMDAsImRlbGV0ZSI6MzAwMDAwMDAwMDAwLCJ1cGRhdGUiOjEyMDAwMDAwMDAwMH19",
          "dependencies": [
            "aws_vpc.tanvora_vpc"
          ]
        }
      ]
    },
    {
      "mode": "managed",
      "type": "aws_route_table_association",
      "name": "private_assoc",
      "provider": "provider[\"registry.terraform.io/hashicorp/aws\"]",
      "instances": [
        {
          "schema_version": 0,
          "attributes": {
            "gateway_id": "",
            "id": "rtbassoc-04ff693318b5a4976",
            "route_table_id": "rtb-0503734f82008610e",
            "subnet_id": "subnet-020d44a17c0462f42",
            "timeouts": null
          },
          "sensitive_attributes": [],
          "private": "eyJlMmJmYjczMC1lY2FhLTExZTYtOGY4OC0zNDM2M2JjN2M0YzAiOnsiY3JlYXRlIjozMDAwMDAwMDAwMDAsImRlbGV0ZSI6MzAwMDAwMDAwMDAwLCJ1cGRhdGUiOjEyMDAwMDAwMDAwMH19",
          "dependencies": [
            "aws_route_table.private_rt",
            "aws_subnet.private_subnet",
            "aws_vpc.tanvora_vpc"
          ]
        }
      ]
    },
    {
      "mode": "managed",
      "type": "aws_route_table_association",
      "name": "public_assoc",
      "provider": "provider[\"registry.terraform.io/hashicorp/aws\"]",
      "instances": [
        {
          "schema_version": 0,
          "attributes": {
            "gateway_id": "",
            "id": "rtbassoc-0d2e197861913ff7f",
            "route_table_id": "rtb-052853e3f002796f8",
            "subnet_id": "subnet-0d5bc0fc9111c6503",
            "timeouts": null
          },
          "sensitive_attributes": [],
          "private": "eyJlMmJmYjczMC1lY2FhLTExZTYtOGY4OC0zNDM2M2JjN2M0YzAiOnsiY3JlYXRlIjozMDAwMDAwMDAwMDAsImRlbGV0ZSI6MzAwMDAwMDAwMDAwLCJ1cGRhdGUiOjEyMDAwMDAwMDAwMH19",
          "dependencies": [
            "aws_route_table.public_rt",
            "aws_subnet.public_subnet",
            "aws_vpc.tanvora_vpc"
          ]
        }
      ]
    },
    {
      "mode": "managed",
      "type": "aws_s3_bucket",
      "name": "cloudtrail_bucket",
      "provider": "provider[\"registry.terraform.io/hashicorp/aws\"]",
      "instances": [
        {
          "schema_version": 0,
          "attributes": {
            "acceleration_status": "",
            "acl": null,
            "arn": "arn:aws:s3:::tanvora-cloudtrail-ap-south-1",
            "bucket": "tanvora-cloudtrail-ap-south-1",
            "bucket_domain_name": "tanvora-cloudtrail-ap-south-1.s3.amazonaws.com",
            "bucket_prefix": "",
            "bucket_regional_domain_name": "tanvora-cloudtrail-ap-south-1.s3.ap-south-1.amazonaws.com",
            "cors_rule": [],
            "force_destroy": false,
            "grant": [
              {
                "id": "cfe1ddaeff839940d2360e7a7108731fa1241a038cdf5c4968e88fd3571a9d7c",
                "permissions": [
                  "FULL_CONTROL"
                ],
                "type": "CanonicalUser",
                "uri": ""
              }
            ],
            "hosted_zone_id": "Z11RGJOFQNVJUP",
            "id": "tanvora-cloudtrail-ap-south-1",
            "lifecycle_rule": [],
            "logging": [],
            "object_lock_configuration": [],
            "object_lock_enabled": false,
            "policy": "{\"Statement\":[{\"Action\":\"s3:GetBucketAcl\",\"Effect\":\"Allow\",\"Principal\":{\"Service\":\"cloudtrail.amazonaws.com\"},\"Resource\":\"arn:aws:s3:::tanvora-cloudtrail-ap-south-1\",\"Sid\":\"AWSCloudTrailAclCheck\"},{\"Action\":\"s3:PutObject\",\"Condition\":{\"StringEquals\":{\"s3:x-amz-acl\":\"bucket-owner-full-control\"}},\"Effect\":\"Allow\",\"Principal\":{\"Service\":\"cloudtrail.amazonaws.com\"},\"Resource\":\"arn:aws:s3:::tanvora-cloudtrail-ap-south-1/AWSLogs/506511510973/*\",\"Sid\":\"AWSCloudTrailWrite\"}],\"Version\":\"2012-10-17\"}",
            "region": "ap-south-1",
            "replication_configuration": [],
            "request_payer": "BucketOwner",
            "server_side_encryption_configuration": [
              {
                "rule": [
                  {
                    "apply_server_side_encryption_by_default": [
                      {
                        "kms_master_key_id": "",
                        "sse_algorithm": "AES256"
                      }
                    ],
                    "bucket_key_enabled": false
                  }
                ]
              }
            ],
            "tags": {
              "Environment": "Dev",
              "ManagedBy": "Terraform",
              "Name": "tanvora-cloudtrail-bucket",
              "Owner": "Ajay Vishwakarma",
              "Project": "Tanvora"
            },
            "tags_all": {
              "Environment": "Dev",
              "ManagedBy": "Terraform",
              "Name": "tanvora-cloudtrail-bucket",
              "Owner": "Ajay Vishwakarma",
              "Project": "Tanvora"
            },
            "timeouts": null,
            "versioning": [
              {
                "enabled": true,
                "mfa_delete": false
              }
            ],
            "website": [],
            "website_domain": null,
            "website_endpoint": null
          },
          "sensitive_attributes": [],
          "private": "eyJlMmJmYjczMC1lY2FhLTExZTYtOGY4OC0zNDM2M2JjN2M0YzAiOnsiY3JlYXRlIjoxMjAwMDAwMDAwMDAwLCJkZWxldGUiOjM2MDAwMDAwMDAwMDAsInJlYWQiOjEyMDAwMDAwMDAwMDAsInVwZGF0ZSI6MTIwMDAwMDAwMDAwMH19"
        }
      ]
    },
    {
      "mode": "managed",
      "type": "aws_s3_bucket",
      "name": "config_bucket",
      "provider": "provider[\"registry.terraform.io/hashicorp/aws\"]",
      "instances": [
        {
          "schema_version": 0,
          "attributes": {
            "acceleration_status": "",
            "acl": null,
            "arn": "arn:aws:s3:::tanvora-config-ap-south-1",
            "bucket": "tanvora-config-ap-south-1",
            "bucket_domain_name": "tanvora-config-ap-south-1.s3.amazonaws.com",
            "bucket_prefix": "",
            "bucket_regional_domain_name": "tanvora-config-ap-south-1.s3.ap-south-1.amazonaws.com",
            "cors_rule": [],
            "force_destroy": false,
            "grant": [
              {
                "id": "cfe1ddaeff839940d2360e7a7108731fa1241a038cdf5c4968e88fd3571a9d7c",
                "permissions": [
                  "FULL_CONTROL"
                ],
                "type": "CanonicalUser",
                "uri": ""
              }
            ],
            "hosted_zone_id": "Z11RGJOFQNVJUP",
            "id": "tanvora-config-ap-south-1",
            "lifecycle_rule": [],
            "logging": [],
            "object_lock_configuration": [],
            "object_lock_enabled": false,
            "policy": "{\"Statement\":[{\"Action\":\"s3:GetBucketAcl\",\"Effect\":\"Allow\",\"Principal\":{\"Service\":\"config.amazonaws.com\"},\"Resource\":\"arn:aws:s3:::tanvora-config-ap-south-1\",\"Sid\":\"AWSConfigBucketPermissionsCheck\"},{\"Action\":\"s3:PutObject\",\"Condition\":{\"StringEquals\":{\"s3:x-amz-acl\":\"bucket-owner-full-control\"}},\"Effect\":\"Allow\",\"Principal\":{\"Service\":\"config.amazonaws.com\"},\"Resource\":\"arn:aws:s3:::tanvora-config-ap-south-1/AWSLogs/506511510973/*\",\"Sid\":\"AWSConfigBucketDelivery\"}],\"Version\":\"2012-10-17\"}",
            "region": "ap-south-1",
            "replication_configuration": [],
            "request_payer": "BucketOwner",
            "server_side_encryption_configuration": [
              {
                "rule": [
                  {
                    "apply_server_side_encryption_by_default": [
                      {
                        "kms_master_key_id": "",
                        "sse_algorithm": "AES256"
                      }
                    ],
                    "bucket_key_enabled": false
                  }
                ]
              }
            ],
            "tags": {
              "Environment": "Dev",
              "ManagedBy": "Terraform",
              "Name": "tanvora-config-bucket",
              "Owner": "Ajay Vishwakarma",
              "Project": "Tanvora"
            },
            "tags_all": {
              "Environment": "Dev",
              "ManagedBy": "Terraform",
              "Name": "tanvora-config-bucket",
              "Owner": "Ajay Vishwakarma",
              "Project": "Tanvora"
            },
            "timeouts": null,
            "versioning": [
              {
                "enabled": true,
                "mfa_delete": false
              }
            ],
            "website": [],
            "website_domain": null,
            "website_endpoint": null
          },
          "sensitive_attributes": [],
          "private": "eyJlMmJmYjczMC1lY2FhLTExZTYtOGY4OC0zNDM2M2JjN2M0YzAiOnsiY3JlYXRlIjoxMjAwMDAwMDAwMDAwLCJkZWxldGUiOjM2MDAwMDAwMDAwMDAsInJlYWQiOjEyMDAwMDAwMDAwMDAsInVwZGF0ZSI6MTIwMDAwMDAwMDAwMH19"
        }
      ]
    },
    {
      "mode": "managed",
      "type": "aws_s3_bucket",
      "name": "vpc_flow_logs_bucket",
      "provider": "provider[\"registry.terraform.io/hashicorp/aws\"]",
      "instances": [
        {
          "schema_version": 0,
          "attributes": {
            "acceleration_status": "",
            "acl": null,
            "arn": "arn:aws:s3:::tanvora-vpc-flowlogs-ap-south-1",
            "bucket": "tanvora-vpc-flowlogs-ap-south-1",
            "bucket_domain_name": "tanvora-vpc-flowlogs-ap-south-1.s3.amazonaws.com",
            "bucket_prefix": "",
            "bucket_regional_domain_name": "tanvora-vpc-flowlogs-ap-south-1.s3.ap-south-1.amazonaws.com",
            "cors_rule": [],
            "force_destroy": false,
            "grant": [
              {
                "id": "cfe1ddaeff839940d2360e7a7108731fa1241a038cdf5c4968e88fd3571a9d7c",
                "permissions": [
                  "FULL_CONTROL"
                ],
                "type": "CanonicalUser",
                "uri": ""
              }
            ],
            "hosted_zone_id": "Z11RGJOFQNVJUP",
            "id": "tanvora-vpc-flowlogs-ap-south-1",
            "lifecycle_rule": [
              {
                "abort_incomplete_multipart_upload_days": 0,
                "enabled": true,
                "expiration": [
                  {
                    "date": "",
                    "days": 365,
                    "expired_object_delete_marker": false
                  }
                ],
                "id": "archive-and-delete-old-logs",
                "noncurrent_version_expiration": [],
                "noncurrent_version_transition": [],
                "prefix": "",
                "tags": {},
                "transition": [
                  {
                    "date": "",
                    "days": 90,
                    "storage_class": "GLACIER"
                  }
                ]
              }
            ],
            "logging": [],
            "object_lock_configuration": [],
            "object_lock_enabled": false,
            "policy": "{\"Statement\":[{\"Action\":\"s3:PutObject\",\"Condition\":{\"StringEquals\":{\"aws:SourceAccount\":\"506511510973\"}},\"Effect\":\"Allow\",\"Principal\":{\"Service\":\"delivery.logs.amazonaws.com\"},\"Resource\":\"arn:aws:s3:::tanvora-vpc-flowlogs-ap-south-1/*\",\"Sid\":\"AWSLogDeliveryWrite\"},{\"Action\":\"s3:GetBucketAcl\",\"Effect\":\"Allow\",\"Principal\":{\"Service\":\"delivery.logs.amazonaws.com\"},\"Resource\":\"arn:aws:s3:::tanvora-vpc-flowlogs-ap-south-1\",\"Sid\":\"AWSLogDeliveryAclCheck\"}],\"Version\":\"2012-10-17\"}",
            "region": "ap-south-1",
            "replication_configuration": [],
            "request_payer": "BucketOwner",
            "server_side_encryption_configuration": [
              {
                "rule": [
                  {
                    "apply_server_side_encryption_by_default": [
                      {
                        "kms_master_key_id": "",
                        "sse_algorithm": "AES256"
                      }
                    ],
                    "bucket_key_enabled": false
                  }
                ]
              }
            ],
            "tags": {
              "Environment": "Dev",
              "ManagedBy": "Terraform",
              "Name": "tanvora-vpc-flowlogs-bucket",
              "Owner": "Ajay Vishwakarma",
              "Project": "Tanvora"
            },
            "tags_all": {
              "Environment": "Dev",
              "ManagedBy": "Terraform",
              "Name": "tanvora-vpc-flowlogs-bucket",
              "Owner": "Ajay Vishwakarma",
              "Project": "Tanvora"
            },
            "timeouts": null,
            "versioning": [
              {
                "enabled": true,
                "mfa_delete": false
              }
            ],
            "website": [],
            "website_domain": null,
            "website_endpoint": null
          },
          "sensitive_attributes": [],
          "private": "eyJlMmJmYjczMC1lY2FhLTExZTYtOGY4OC0zNDM2M2JjN2M0YzAiOnsiY3JlYXRlIjoxMjAwMDAwMDAwMDAwLCJkZWxldGUiOjM2MDAwMDAwMDAwMDAsInJlYWQiOjEyMDAwMDAwMDAwMDAsInVwZGF0ZSI6MTIwMDAwMDAwMDAwMH19"
        }
      ]
    },
    {
      "mode": "managed",
      "type": "aws_s3_bucket_lifecycle_configuration",
      "name": "vpc_flow_logs_lifecycle",
      "provider": "provider[\"registry.terraform.io/hashicorp/aws\"]",
      "instances": [
        {
          "schema_version": 1,
          "attributes": {
            "bucket": "tanvora-vpc-flowlogs-ap-south-1",
            "expected_bucket_owner": "",
            "id": "tanvora-vpc-flowlogs-ap-south-1",
            "rule": [
              {
                "abort_incomplete_multipart_upload": [],
                "expiration": [
                  {
                    "date": null,
                    "days": 365,
                    "expired_object_delete_marker": false
                  }
                ],
                "filter": [],
                "id": "archive-and-delete-old-logs",
                "noncurrent_version_expiration": [],
                "noncurrent_version_transition": [],
                "prefix": "",
                "status": "Enabled",
                "transition": [
                  {
                    "date": null,
                    "days": 90,
                    "storage_class": "GLACIER"
                  }
                ]
              }
            ],
            "timeouts": null,
            "transition_default_minimum_object_size": "all_storage_classes_128K"
          },
          "sensitive_attributes": [],
          "dependencies": [
            "aws_s3_bucket.vpc_flow_logs_bucket"
          ]
        }
      ]
    },
    {
      "mode": "managed",
      "type": "aws_s3_bucket_policy",
      "name": "cloudtrail_policy",
      "provider": "provider[\"registry.terraform.io/hashicorp/aws\"]",
      "instances": [
        {
          "schema_version": 0,
          "attributes": {
            "bucket": "tanvora-cloudtrail-ap-south-1",
            "id": "tanvora-cloudtrail-ap-south-1",
            "policy": "{\"Statement\":[{\"Action\":\"s3:GetBucketAcl\",\"Effect\":\"Allow\",\"Principal\":{\"Service\":\"cloudtrail.amazonaws.com\"},\"Resource\":\"arn:aws:s3:::tanvora-cloudtrail-ap-south-1\",\"Sid\":\"AWSCloudTrailAclCheck\"},{\"Action\":\"s3:PutObject\",\"Condition\":{\"StringEquals\":{\"s3:x-amz-acl\":\"bucket-owner-full-control\"}},\"Effect\":\"Allow\",\"Principal\":{\"Service\":\"cloudtrail.amazonaws.com\"},\"Resource\":\"arn:aws:s3:::tanvora-cloudtrail-ap-south-1/AWSLogs/506511510973/*\",\"Sid\":\"AWSCloudTrailWrite\"}],\"Version\":\"2012-10-17\"}"
          },
          "sensitive_attributes": [],
          "private": "bnVsbA==",
          "dependencies": [
            "aws_s3_bucket.cloudtrail_bucket",
            "data.aws_caller_identity.current"
          ]
        }
      ]
    },
    {
      "mode": "managed",
      "type": "aws_s3_bucket_policy",
      "name": "config_policy",
      "provider": "provider[\"registry.terraform.io/hashicorp/aws\"]",
      "instances": [
        {
          "schema_version": 0,
          "attributes": {
            "bucket": "tanvora-config-ap-south-1",
            "id": "tanvora-config-ap-south-1",
            "policy": "{\"Statement\":[{\"Action\":\"s3:GetBucketAcl\",\"Effect\":\"Allow\",\"Principal\":{\"Service\":\"config.amazonaws.com\"},\"Resource\":\"arn:aws:s3:::tanvora-config-ap-south-1\",\"Sid\":\"AWSConfigBucketPermissionsCheck\"},{\"Action\":\"s3:PutObject\",\"Condition\":{\"StringEquals\":{\"s3:x-amz-acl\":\"bucket-owner-full-control\"}},\"Effect\":\"Allow\",\"Principal\":{\"Service\":\"config.amazonaws.com\"},\"Resource\":\"arn:aws:s3:::tanvora-config-ap-south-1/AWSLogs/506511510973/*\",\"Sid\":\"AWSConfigBucketDelivery\"}],\"Version\":\"2012-10-17\"}"
          },
          "sensitive_attributes": [],
          "private": "bnVsbA==",
          "dependencies": [
            "aws_s3_bucket.config_bucket",
            "data.aws_caller_identity.current"
          ]
        }
      ]
    },
    {
      "mode": "managed",
      "type": "aws_s3_bucket_policy",
      "name": "vpc_flow_logs_policy",
      "provider": "provider[\"registry.terraform.io/hashicorp/aws\"]",
      "instances": [
        {
          "schema_version": 0,
          "attributes": {
            "bucket": "tanvora-vpc-flowlogs-ap-south-1",
            "id": "tanvora-vpc-flowlogs-ap-south-1",
            "policy": "{\"Statement\":[{\"Action\":[\"s3:PutObject\"],\"Condition\":{\"StringEquals\":{\"aws:SourceAccount\":\"506511510973\"}},\"Effect\":\"Allow\",\"Principal\":{\"Service\":\"delivery.logs.amazonaws.com\"},\"Resource\":\"arn:aws:s3:::tanvora-vpc-flowlogs-ap-south-1/*\",\"Sid\":\"AWSLogDeliveryWrite\"},{\"Action\":[\"s3:GetBucketAcl\"],\"Effect\":\"Allow\",\"Principal\":{\"Service\":\"delivery.logs.amazonaws.com\"},\"Resource\":\"arn:aws:s3:::tanvora-vpc-flowlogs-ap-south-1\",\"Sid\":\"AWSLogDeliveryAclCheck\"}],\"Version\":\"2012-10-17\"}"
          },
          "sensitive_attributes": [],
          "private": "bnVsbA==",
          "dependencies": [
            "aws_s3_bucket.vpc_flow_logs_bucket",
            "data.aws_caller_identity.current"
          ]
        }
      ]
    },
    {
      "mode": "managed",
      "type": "aws_s3_bucket_server_side_encryption_configuration",
      "name": "cloudtrail_sse",
      "provider": "provider[\"registry.terraform.io/hashicorp/aws\"]",
      "instances": [
        {
          "schema_version": 0,
          "attributes": {
            "bucket": "tanvora-cloudtrail-ap-south-1",
            "expected_bucket_owner": "",
            "id": "tanvora-cloudtrail-ap-south-1",
            "rule": [
              {
                "apply_server_side_encryption_by_default": [
                  {
                    "kms_master_key_id": "",
                    "sse_algorithm": "AES256"
                  }
                ],
                "bucket_key_enabled": false
              }
            ]
          },
          "sensitive_attributes": [],
          "private": "bnVsbA==",
          "dependencies": [
            "aws_s3_bucket.cloudtrail_bucket"
          ]
        }
      ]
    },
    {
      "mode": "managed",
      "type": "aws_s3_bucket_server_side_encryption_configuration",
      "name": "config_sse",
      "provider": "provider[\"registry.terraform.io/hashicorp/aws\"]",
      "instances": [
        {
          "schema_version": 0,
          "attributes": {
            "bucket": "tanvora-config-ap-south-1",
            "expected_bucket_owner": "",
            "id": "tanvora-config-ap-south-1",
            "rule": [
              {
                "apply_server_side_encryption_by_default": [
                  {
                    "kms_master_key_id": "",
                    "sse_algorithm": "AES256"
                  }
                ],
                "bucket_key_enabled": false
              }
            ]
          },
          "sensitive_attributes": [],
          "private": "bnVsbA==",
          "dependencies": [
            "aws_s3_bucket.config_bucket"
          ]
        }
      ]
    },
    {
      "mode": "managed",
      "type": "aws_s3_bucket_server_side_encryption_configuration",
      "name": "vpc_flow_logs_sse",
      "provider": "provider[\"registry.terraform.io/hashicorp/aws\"]",
      "instances": [
        {
          "schema_version": 0,
          "attributes": {
            "bucket": "tanvora-vpc-flowlogs-ap-south-1",
            "expected_bucket_owner": "",
            "id": "tanvora-vpc-flowlogs-ap-south-1",
            "rule": [
              {
                "apply_server_side_encryption_by_default": [
                  {
                    "kms_master_key_id": "",
                    "sse_algorithm": "AES256"
                  }
                ],
                "bucket_key_enabled": false
              }
            ]
          },
          "sensitive_attributes": [],
          "private": "bnVsbA==",
          "dependencies": [
            "aws_s3_bucket.vpc_flow_logs_bucket"
          ]
        }
      ]
    },
    {
      "mode": "managed",
      "type": "aws_s3_bucket_versioning",
      "name": "cloudtrail_versioning",
      "provider": "provider[\"registry.terraform.io/hashicorp/aws\"]",
      "instances": [
        {
          "schema_version": 0,
          "attributes": {
            "bucket": "tanvora-cloudtrail-ap-south-1",
            "expected_bucket_owner": "",
            "id": "tanvora-cloudtrail-ap-south-1",
            "mfa": null,
            "versioning_configuration": [
              {
                "mfa_delete": "",
                "status": "Enabled"
              }
            ]
          },
          "sensitive_attributes": [],
          "private": "bnVsbA==",
          "dependencies": [
            "aws_s3_bucket.cloudtrail_bucket"
          ]
        }
      ]
    },
    {
      "mode": "managed",
      "type": "aws_s3_bucket_versioning",
      "name": "config_versioning",
      "provider": "provider[\"registry.terraform.io/hashicorp/aws\"]",
      "instances": [
        {
          "schema_version": 0,
          "attributes": {
            "bucket": "tanvora-config-ap-south-1",
            "expected_bucket_owner": "",
            "id": "tanvora-config-ap-south-1",
            "mfa": null,
            "versioning_configuration": [
              {
                "mfa_delete": "",
                "status": "Enabled"
              }
            ]
          },
          "sensitive_attributes": [],
          "private": "bnVsbA==",
          "dependencies": [
            "aws_s3_bucket.config_bucket"
          ]
        }
      ]
    },
    {
      "mode": "managed",
      "type": "aws_s3_bucket_versioning",
      "name": "vpc_flow_logs_versioning",
      "provider": "provider[\"registry.terraform.io/hashicorp/aws\"]",
      "instances": [
        {
          "schema_version": 0,
          "attributes": {
            "bucket": "tanvora-vpc-flowlogs-ap-south-1",
            "expected_bucket_owner": "",
            "id": "tanvora-vpc-flowlogs-ap-south-1",
            "mfa": null,
            "versioning_configuration": [
              {
                "mfa_delete": "",
                "status": "Enabled"
              }
            ]
          },
          "sensitive_attributes": [],
          "private": "bnVsbA==",
          "dependencies": [
            "aws_s3_bucket.vpc_flow_logs_bucket"
          ]
        }
      ]
    },
    {
      "mode": "managed",
      "type": "aws_security_group",
      "name": "ec2_private_sg",
      "provider": "provider[\"registry.terraform.io/hashicorp/aws\"]",
      "instances": [
        {
          "schema_version": 1,
          "attributes": {
            "arn": "arn:aws:ec2:ap-south-1:506511510973:security-group/sg-097858f1d98f5b286",
            "description": "Allow outbound only (for private EC2)",
            "egress": [
              {
                "cidr_blocks": [
                  "0.0.0.0/0"
                ],
                "description": "",
                "from_port": 0,
                "ipv6_cidr_blocks": [],
                "prefix_list_ids": [],
                "protocol": "-1",
                "security_groups": [],
                "self": false,
                "to_port": 0
              }
            ],
            "id": "sg-097858f1d98f5b286",
            "ingress": [],
            "name": "tanvora-ec2-private-sg",
            "name_prefix": "",
            "owner_id": "506511510973",
            "revoke_rules_on_delete": false,
            "tags": {
              "Environment": "Dev",
              "ManagedBy": "Terraform",
              "Name": "tanvora-ec2-private-sg",
              "Owner": "Ajay Vishwakarma",
              "Project": "Tanvora"
            },
            "tags_all": {
              "Environment": "Dev",
              "ManagedBy": "Terraform",
              "Name": "tanvora-ec2-private-sg",
              "Owner": "Ajay Vishwakarma",
              "Project": "Tanvora"
            },
            "timeouts": null,
            "vpc_id": "vpc-07c98d82db67d153b"
          },
          "sensitive_attributes": [],
          "private": "eyJlMmJmYjczMC1lY2FhLTExZTYtOGY4OC0zNDM2M2JjN2M0YzAiOnsiY3JlYXRlIjo2MDAwMDAwMDAwMDAsImRlbGV0ZSI6OTAwMDAwMDAwMDAwfSwic2NoZW1hX3ZlcnNpb24iOiIxIn0=",
          "dependencies": [
            "aws_vpc.tanvora_vpc"
          ]
        }
      ]
    },
    {
      "mode": "managed",
      "type": "aws_security_group",
      "name": "vpc_endpoints_sg",
      "provider": "provider[\"registry.terraform.io/hashicorp/aws\"]",
      "instances": [
        {
          "schema_version": 1,
          "attributes": {
            "arn": "arn:aws:ec2:ap-south-1:506511510973:security-group/sg-03840233e21e55671",
            "description": "Allow HTTPS (443) within the VPC for Interface Endpoints",
            "egress": [
              {
                "cidr_blocks": [
                  "0.0.0.0/0"
                ],
                "description": "Allow all outbound",
                "from_port": 0,
                "ipv6_cidr_blocks": [],
                "prefix_list_ids": [],
                "protocol": "-1",
                "security_groups": [],
                "self": false,
                "to_port": 0
              }
            ],
            "id": "sg-03840233e21e55671",
            "ingress": [
              {
                "cidr_blocks": [
                  "10.0.0.0/16"
                ],
                "description": "Allow HTTPS from VPC CIDR",
                "from_port": 443,
                "ipv6_cidr_blocks": [],
                "prefix_list_ids": [],
                "protocol": "tcp",
                "security_groups": [],
                "self": false,
                "to_port": 443
              }
            ],
            "name": "tanvora-vpc-endpoints-sg",
            "name_prefix": "",
            "owner_id": "506511510973",
            "revoke_rules_on_delete": false,
            "tags": {
              "Environment": "Dev",
              "ManagedBy": "Terraform",
              "Name": "tanvora-vpc-endpoints-sg",
              "Owner": "Ajay Vishwakarma",
              "Project": "Tanvora"
            },
            "tags_all": {
              "Environment": "Dev",
              "ManagedBy": "Terraform",
              "Name": "tanvora-vpc-endpoints-sg",
              "Owner": "Ajay Vishwakarma",
              "Project": "Tanvora"
            },
            "timeouts": null,
            "vpc_id": "vpc-07c98d82db67d153b"
          },
          "sensitive_attributes": [],
          "private": "eyJlMmJmYjczMC1lY2FhLTExZTYtOGY4OC0zNDM2M2JjN2M0YzAiOnsiY3JlYXRlIjo2MDAwMDAwMDAwMDAsImRlbGV0ZSI6OTAwMDAwMDAwMDAwfSwic2NoZW1hX3ZlcnNpb24iOiIxIn0=",
          "dependencies": [
            "aws_vpc.tanvora_vpc"
          ]
        }
      ]
    },
    {
      "mode": "managed",
      "type": "aws_sns_topic",
      "name": "config_alerts_topic",
      "provider": "provider[\"registry.terraform.io/hashicorp/aws\"]",
      "instances": [
        {
          "schema_version": 0,
          "attributes": {
            "application_failure_feedback_role_arn": "",
            "application_success_feedback_role_arn": "",
            "application_success_feedback_sample_rate": 0,
            "archive_policy": "",
            "arn": "arn:aws:sns:ap-south-1:506511510973:tanvora-config-alerts",
            "beginning_archive_time": "",
            "content_based_deduplication": false,
            "delivery_policy": "",
            "display_name": "",
            "fifo_throughput_scope": "",
            "fifo_topic": false,
            "firehose_failure_feedback_role_arn": "",
            "firehose_success_feedback_role_arn": "",
            "firehose_success_feedback_sample_rate": 0,
            "http_failure_feedback_role_arn": "",
            "http_success_feedback_role_arn": "",
            "http_success_feedback_sample_rate": 0,
            "id": "arn:aws:sns:ap-south-1:506511510973:tanvora-config-alerts",
            "kms_master_key_id": "",
            "lambda_failure_feedback_role_arn": "",
            "lambda_success_feedback_role_arn": "",
            "lambda_success_feedback_sample_rate": 0,
            "name": "tanvora-config-alerts",
            "name_prefix": "",
            "owner": "506511510973",
            "policy": "{\"Id\":\"__default_policy_ID\",\"Statement\":[{\"Action\":[\"SNS:GetTopicAttributes\",\"SNS:SetTopicAttributes\",\"SNS:AddPermission\",\"SNS:RemovePermission\",\"SNS:DeleteTopic\",\"SNS:Subscribe\",\"SNS:ListSubscriptionsByTopic\",\"SNS:Publish\"],\"Condition\":{\"StringEquals\":{\"AWS:SourceOwner\":\"506511510973\"}},\"Effect\":\"Allow\",\"Principal\":{\"AWS\":\"*\"},\"Resource\":\"arn:aws:sns:ap-south-1:506511510973:tanvora-config-alerts\",\"Sid\":\"__default_statement_ID\"}],\"Version\":\"2008-10-17\"}",
            "signature_version": 0,
            "sqs_failure_feedback_role_arn": "",
            "sqs_success_feedback_role_arn": "",
            "sqs_success_feedback_sample_rate": 0,
            "tags": {
              "Environment": "Dev",
              "ManagedBy": "Terraform",
              "Name": "tanvora-config-alerts",
              "Owner": "Ajay Vishwakarma",
              "Project": "Tanvora"
            },
            "tags_all": {
              "Environment": "Dev",
              "ManagedBy": "Terraform",
              "Name": "tanvora-config-alerts",
              "Owner": "Ajay Vishwakarma",
              "Project": "Tanvora"
            },
            "tracing_config": ""
          },
          "sensitive_attributes": [],
          "private": "bnVsbA=="
        }
      ]
    },
    {
      "mode": "managed",
      "type": "aws_sns_topic_subscription",
      "name": "config_alerts_email",
      "provider": "provider[\"registry.terraform.io/hashicorp/aws\"]",
      "instances": [
        {
          "schema_version": 0,
          "attributes": {
            "arn": "arn:aws:sns:ap-south-1:506511510973:tanvora-config-alerts:a82b7d8c-865b-49b1-908a-bf308b037070",
            "confirmation_timeout_in_minutes": 1,
            "confirmation_was_authenticated": false,
            "delivery_policy": "",
            "endpoint": "your.email@example.com",
            "endpoint_auto_confirms": false,
            "filter_policy": "",
            "filter_policy_scope": "",
            "id": "arn:aws:sns:ap-south-1:506511510973:tanvora-config-alerts:a82b7d8c-865b-49b1-908a-bf308b037070",
            "owner_id": "506511510973",
            "pending_confirmation": true,
            "protocol": "email",
            "raw_message_delivery": false,
            "redrive_policy": "",
            "replay_policy": "",
            "subscription_role_arn": "",
            "topic_arn": "arn:aws:sns:ap-south-1:506511510973:tanvora-config-alerts"
          },
          "sensitive_attributes": [],
          "private": "bnVsbA==",
          "dependencies": [
            "aws_sns_topic.config_alerts_topic"
          ]
        }
      ]
    },
    {
      "mode": "managed",
      "type": "aws_subnet",
      "name": "private_subnet",
      "provider": "provider[\"registry.terraform.io/hashicorp/aws\"]",
      "instances": [
        {
          "schema_version": 1,
          "attributes": {
            "arn": "arn:aws:ec2:ap-south-1:506511510973:subnet/subnet-020d44a17c0462f42",
            "assign_ipv6_address_on_creation": false,
            "availability_zone": "ap-south-1b",
            "availability_zone_id": "aps1-az3",
            "cidr_block": "10.0.2.0/24",
            "customer_owned_ipv4_pool": "",
            "enable_dns64": false,
            "enable_lni_at_device_index": 0,
            "enable_resource_name_dns_a_record_on_launch": false,
            "enable_resource_name_dns_aaaa_record_on_launch": false,
            "id": "subnet-020d44a17c0462f42",
            "ipv6_cidr_block": "",
            "ipv6_cidr_block_association_id": "",
            "ipv6_native": false,
            "map_customer_owned_ip_on_launch": false,
            "map_public_ip_on_launch": false,
            "outpost_arn": "",
            "owner_id": "506511510973",
            "private_dns_hostname_type_on_launch": "ip-name",
            "tags": {
              "Environment": "Dev",
              "ManagedBy": "Terraform",
              "Name": "tanvora-private-subnet",
              "Owner": "Ajay Vishwakarma",
              "Project": "Tanvora"
            },
            "tags_all": {
              "Environment": "Dev",
              "ManagedBy": "Terraform",
              "Name": "tanvora-private-subnet",
              "Owner": "Ajay Vishwakarma",
              "Project": "Tanvora"
            },
            "timeouts": null,
            "vpc_id": "vpc-07c98d82db67d153b"
          },
          "sensitive_attributes": [],
          "private": "eyJlMmJmYjczMC1lY2FhLTExZTYtOGY4OC0zNDM2M2JjN2M0YzAiOnsiY3JlYXRlIjo2MDAwMDAwMDAwMDAsImRlbGV0ZSI6MTIwMDAwMDAwMDAwMH0sInNjaGVtYV92ZXJzaW9uIjoiMSJ9",
          "dependencies": [
            "aws_vpc.tanvora_vpc"
          ]
        }
      ]
    },
    {
      "mode": "managed",
      "type": "aws_subnet",
      "name": "public_subnet",
      "provider": "provider[\"registry.terraform.io/hashicorp/aws\"]",
      "instances": [
        {
          "schema_version": 1,
          "attributes": {
            "arn": "arn:aws:ec2:ap-south-1:506511510973:subnet/subnet-0d5bc0fc9111c6503",
            "assign_ipv6_address_on_creation": false,
            "availability_zone": "ap-south-1a",
            "availability_zone_id": "aps1-az1",
            "cidr_block": "10.0.1.0/24",
            "customer_owned_ipv4_pool": "",
            "enable_dns64": false,
            "enable_lni_at_device_index": 0,
            "enable_resource_name_dns_a_record_on_launch": false,
            "enable_resource_name_dns_aaaa_record_on_launch": false,
            "id": "subnet-0d5bc0fc9111c6503",
            "ipv6_cidr_block": "",
            "ipv6_cidr_block_association_id": "",
            "ipv6_native": false,
            "map_customer_owned_ip_on_launch": false,
            "map_public_ip_on_launch": true,
            "outpost_arn": "",
            "owner_id": "506511510973",
            "private_dns_hostname_type_on_launch": "ip-name",
            "tags": {
              "Environment": "Dev",
              "ManagedBy": "Terraform",
              "Name": "tanvora-public-subnet",
              "Owner": "Ajay Vishwakarma",
              "Project": "Tanvora"
            },
            "tags_all": {
              "Environment": "Dev",
              "ManagedBy": "Terraform",
              "Name": "tanvora-public-subnet",
              "Owner": "Ajay Vishwakarma",
              "Project": "Tanvora"
            },
            "timeouts": null,
            "vpc_id": "vpc-07c98d82db67d153b"
          },
          "sensitive_attributes": [],
          "private": "eyJlMmJmYjczMC1lY2FhLTExZTYtOGY4OC0zNDM2M2JjN2M0YzAiOnsiY3JlYXRlIjo2MDAwMDAwMDAwMDAsImRlbGV0ZSI6MTIwMDAwMDAwMDAwMH0sInNjaGVtYV92ZXJzaW9uIjoiMSJ9",
          "dependencies": [
            "aws_vpc.tanvora_vpc"
          ]
        }
      ]
    },
    {
      "mode": "managed",
      "type": "aws_vpc",
      "name": "tanvora_vpc",
      "provider": "provider[\"registry.terraform.io/hashicorp/aws\"]",
      "instances": [
        {
          "schema_version": 1,
          "attributes": {
            "arn": "arn:aws:ec2:ap-south-1:506511510973:vpc/vpc-07c98d82db67d153b",
            "assign_generated_ipv6_cidr_block": false,
            "cidr_block": "10.0.0.0/16",
            "default_network_acl_id": "acl-06db86bbcaa94a64d",
            "default_route_table_id": "rtb-03317bff11e15b666",
            "default_security_group_id": "sg-0d5e6a8a5763b764d",
            "dhcp_options_id": "dopt-0855c36d90fe613d6",
            "enable_dns_hostnames": true,
            "enable_dns_support": true,
            "enable_network_address_usage_metrics": false,
            "id": "vpc-07c98d82db67d153b",
            "instance_tenancy": "default",
            "ipv4_ipam_pool_id": null,
            "ipv4_netmask_length": null,
            "ipv6_association_id": "",
            "ipv6_cidr_block": "",
            "ipv6_cidr_block_network_border_group": "",
            "ipv6_ipam_pool_id": "",
            "ipv6_netmask_length": 0,
            "main_route_table_id": "rtb-03317bff11e15b666",
            "owner_id": "506511510973",
            "tags": {
              "Environment": "Dev",
              "ManagedBy": "Terraform",
              "Name": "tanvora-vpc",
              "Owner": "Ajay Vishwakarma",
              "Project": "Tanvora"
            },
            "tags_all": {
              "Environment": "Dev",
              "ManagedBy": "Terraform",
              "Name": "tanvora-vpc",
              "Owner": "Ajay Vishwakarma",
              "Project": "Tanvora"
            }
          },
          "sensitive_attributes": [],
          "private": "eyJzY2hlbWFfdmVyc2lvbiI6IjEifQ=="
        }
      ]
    },
    {
      "mode": "managed",
      "type": "aws_vpc_endpoint",
      "name": "cloudwatch_endpoint",
      "provider": "provider[\"registry.terraform.io/hashicorp/aws\"]",
      "instances": [
        {
          "schema_version": 0,
          "attributes": {
            "arn": "arn:aws:ec2:ap-south-1:506511510973:vpc-endpoint/vpce-041b4b8bd44211e20",
            "auto_accept": null,
            "cidr_blocks": [],
            "dns_entry": [
              {
                "dns_name": "vpce-041b4b8bd44211e20-3onnp9uy.logs.ap-south-1.vpce.amazonaws.com",
                "hosted_zone_id": "Z2KVTB3ZLFM7JR"
              },
              {
                "dns_name": "vpce-041b4b8bd44211e20-3onnp9uy-ap-south-1b.logs.ap-south-1.vpce.amazonaws.com",
                "hosted_zone_id": "Z2KVTB3ZLFM7JR"
              },
              {
                "dns_name": "logs.ap-south-1.amazonaws.com",
                "hosted_zone_id": "Z0607249136QQ5KXVC8N8"
              },
              {
                "dns_name": "streaming-logs.ap-south-1.api.aws",
                "hosted_zone_id": "Z020626017HF9WSV1D6I0"
              },
              {
                "dns_name": "streaming-logs.ap-south-1.amazonaws.com",
                "hosted_zone_id": "Z06072481N9JUV598JQAK"
              },
              {
                "dns_name": "logs.ap-south-1.api.aws",
                "hosted_zone_id": "Z06081341IBDX58AQWF0X"
              }
            ],
            "dns_options": [
              {
                "dns_record_ip_type": "ipv4",
                "private_dns_only_for_inbound_resolver_endpoint": false
              }
            ],
            "id": "vpce-041b4b8bd44211e20",
            "ip_address_type": "ipv4",
            "network_interface_ids": [
              "eni-007b8dd9e19b48c00"
            ],
            "owner_id": "506511510973",
            "policy": "{\"Statement\":[{\"Action\":\"*\",\"Effect\":\"Allow\",\"Principal\":\"*\",\"Resource\":\"*\"}]}",
            "prefix_list_id": null,
            "private_dns_enabled": true,
            "requester_managed": false,
            "resource_configuration_arn": "",
            "route_table_ids": [],
            "security_group_ids": [
              "sg-03840233e21e55671"
            ],
            "service_name": "com.amazonaws.ap-south-1.logs",
            "service_network_arn": "",
            "service_region": "ap-south-1",
            "state": "available",
            "subnet_configuration": [
              {
                "ipv4": "10.0.2.70",
                "ipv6": "",
                "subnet_id": "subnet-020d44a17c0462f42"
              }
            ],
            "subnet_ids": [
              "subnet-020d44a17c0462f42"
            ],
            "tags": {
              "Environment": "Dev",
              "ManagedBy": "Terraform",
              "Name": "tanvora-cloudwatch-endpoint",
              "Owner": "Ajay Vishwakarma",
              "Project": "Tanvora",
              "Type": "Interface"
            },
            "tags_all": {
              "Environment": "Dev",
              "ManagedBy": "Terraform",
              "Name": "tanvora-cloudwatch-endpoint",
              "Owner": "Ajay Vishwakarma",
              "Project": "Tanvora",
              "Type": "Interface"
            },
            "timeouts": null,
            "vpc_endpoint_type": "Interface",
            "vpc_id": "vpc-07c98d82db67d153b"
          },
          "sensitive_attributes": [],
          "private": "eyJlMmJmYjczMC1lY2FhLTExZTYtOGY4OC0zNDM2M2JjN2M0YzAiOnsiY3JlYXRlIjo2MDAwMDAwMDAwMDAsImRlbGV0ZSI6NjAwMDAwMDAwMDAwLCJ1cGRhdGUiOjYwMDAwMDAwMDAwMH19",
          "dependencies": [
            "aws_security_group.vpc_endpoints_sg",
            "aws_subnet.private_subnet",
            "aws_vpc.tanvora_vpc"
          ]
        }
      ]
    },
    {
      "mode": "managed",
      "type": "aws_vpc_endpoint",
      "name": "dynamodb_gateway",
      "provider": "provider[\"registry.terraform.io/hashicorp/aws\"]",
      "instances": [
        {
          "schema_version": 0,
          "attributes": {
            "arn": "arn:aws:ec2:ap-south-1:506511510973:vpc-endpoint/vpce-092a77985cd583672",
            "auto_accept": null,
            "cidr_blocks": [
              "35.71.100.0/25",
              "35.71.100.128/26",
              "52.94.20.0/24"
            ],
            "dns_entry": [],
            "dns_options": [],
            "id": "vpce-092a77985cd583672",
            "ip_address_type": "",
            "network_interface_ids": [],
            "owner_id": "506511510973",
            "policy": "{\"Statement\":[{\"Action\":\"*\",\"Effect\":\"Allow\",\"Principal\":\"*\",\"Resource\":\"*\"}],\"Version\":\"2008-10-17\"}",
            "prefix_list_id": "pl-66a7420f",
            "private_dns_enabled": false,
            "requester_managed": false,
            "resource_configuration_arn": "",
            "route_table_ids": [
              "rtb-0503734f82008610e"
            ],
            "security_group_ids": [],
            "service_name": "com.amazonaws.ap-south-1.dynamodb",
            "service_network_arn": "",
            "service_region": "ap-south-1",
            "state": "available",
            "subnet_configuration": [],
            "subnet_ids": [],
            "tags": {
              "Environment": "Dev",
              "ManagedBy": "Terraform",
              "Name": "tanvora-dynamodb-endpoint",
              "Owner": "Ajay Vishwakarma",
              "Project": "Tanvora",
              "Type": "Gateway"
            },
            "tags_all": {
              "Environment": "Dev",
              "ManagedBy": "Terraform",
              "Name": "tanvora-dynamodb-endpoint",
              "Owner": "Ajay Vishwakarma",
              "Project": "Tanvora",
              "Type": "Gateway"
            },
            "timeouts": null,
            "vpc_endpoint_type": "Gateway",
            "vpc_id": "vpc-07c98d82db67d153b"
          },
          "sensitive_attributes": [],
          "private": "eyJlMmJmYjczMC1lY2FhLTExZTYtOGY4OC0zNDM2M2JjN2M0YzAiOnsiY3JlYXRlIjo2MDAwMDAwMDAwMDAsImRlbGV0ZSI6NjAwMDAwMDAwMDAwLCJ1cGRhdGUiOjYwMDAwMDAwMDAwMH19",
          "dependencies": [
            "aws_route_table.private_rt",
            "aws_vpc.tanvora_vpc"
          ]
        }
      ]
    },
    {
      "mode": "managed",
      "type": "aws_vpc_endpoint",
      "name": "ec2_messages_endpoint",
      "provider": "provider[\"registry.terraform.io/hashicorp/aws\"]",
      "instances": [
        {
          "schema_version": 0,
          "attributes": {
            "arn": "arn:aws:ec2:ap-south-1:506511510973:vpc-endpoint/vpce-09b97b9b5e614dd5d",
            "auto_accept": null,
            "cidr_blocks": [],
            "dns_entry": [
              {
                "dns_name": "vpce-09b97b9b5e614dd5d-3lx731w7.ec2messages.ap-south-1.vpce.amazonaws.com",
                "hosted_zone_id": "Z2KVTB3ZLFM7JR"
              },
              {
                "dns_name": "vpce-09b97b9b5e614dd5d-3lx731w7-ap-south-1b.ec2messages.ap-south-1.vpce.amazonaws.com",
                "hosted_zone_id": "Z2KVTB3ZLFM7JR"
              },
              {
                "dns_name": "ec2messages.ap-south-1.amazonaws.com",
                "hosted_zone_id": "Z052877219NJ11YB0N23I"
              }
            ],
            "dns_options": [
              {
                "dns_record_ip_type": "ipv4",
                "private_dns_only_for_inbound_resolver_endpoint": false
              }
            ],
            "id": "vpce-09b97b9b5e614dd5d",
            "ip_address_type": "ipv4",
            "network_interface_ids": [
              "eni-09f9f154547220368"
            ],
            "owner_id": "506511510973",
            "policy": "{\"Statement\":[{\"Action\":\"*\",\"Effect\":\"Allow\",\"Principal\":\"*\",\"Resource\":\"*\"}]}",
            "prefix_list_id": null,
            "private_dns_enabled": true,
            "requester_managed": false,
            "resource_configuration_arn": "",
            "route_table_ids": [],
            "security_group_ids": [
              "sg-03840233e21e55671"
            ],
            "service_name": "com.amazonaws.ap-south-1.ec2messages",
            "service_network_arn": "",
            "service_region": "ap-south-1",
            "state": "available",
            "subnet_configuration": [
              {
                "ipv4": "10.0.2.79",
                "ipv6": "",
                "subnet_id": "subnet-020d44a17c0462f42"
              }
            ],
            "subnet_ids": [
              "subnet-020d44a17c0462f42"
            ],
            "tags": {
              "Environment": "Dev",
              "ManagedBy": "Terraform",
              "Name": "tanvora-ec2messages-endpoint",
              "Owner": "Ajay Vishwakarma",
              "Project": "Tanvora",
              "Type": "Interface"
            },
            "tags_all": {
              "Environment": "Dev",
              "ManagedBy": "Terraform",
              "Name": "tanvora-ec2messages-endpoint",
              "Owner": "Ajay Vishwakarma",
              "Project": "Tanvora",
              "Type": "Interface"
            },
            "timeouts": null,
            "vpc_endpoint_type": "Interface",
            "vpc_id": "vpc-07c98d82db67d153b"
          },
          "sensitive_attributes": [],
          "private": "eyJlMmJmYjczMC1lY2FhLTExZTYtOGY4OC0zNDM2M2JjN2M0YzAiOnsiY3JlYXRlIjo2MDAwMDAwMDAwMDAsImRlbGV0ZSI6NjAwMDAwMDAwMDAwLCJ1cGRhdGUiOjYwMDAwMDAwMDAwMH19",
          "dependencies": [
            "aws_security_group.vpc_endpoints_sg",
            "aws_subnet.private_subnet",
            "aws_vpc.tanvora_vpc"
          ]
        }
      ]
    },
    {
      "mode": "managed",
      "type": "aws_vpc_endpoint",
      "name": "s3_gateway",
      "provider": "provider[\"registry.terraform.io/hashicorp/aws\"]",
      "instances": [
        {
          "schema_version": 0,
          "attributes": {
            "arn": "arn:aws:ec2:ap-south-1:506511510973:vpc-endpoint/vpce-094eef8ab59010789",
            "auto_accept": null,
            "cidr_blocks": [
              "52.219.156.0/22",
              "52.219.160.0/23",
              "52.219.62.0/23",
              "3.5.212.0/23",
              "3.5.208.0/22",
              "16.12.40.0/23",
              "52.219.64.0/22",
              "16.12.36.0/22"
            ],
            "dns_entry": [],
            "dns_options": [],
            "id": "vpce-094eef8ab59010789",
            "ip_address_type": "",
            "network_interface_ids": [],
            "owner_id": "506511510973",
            "policy": "{\"Statement\":[{\"Action\":\"*\",\"Effect\":\"Allow\",\"Principal\":\"*\",\"Resource\":\"*\"}],\"Version\":\"2008-10-17\"}",
            "prefix_list_id": "pl-78a54011",
            "private_dns_enabled": false,
            "requester_managed": false,
            "resource_configuration_arn": "",
            "route_table_ids": [
              "rtb-0503734f82008610e"
            ],
            "security_group_ids": [],
            "service_name": "com.amazonaws.ap-south-1.s3",
            "service_network_arn": "",
            "service_region": "ap-south-1",
            "state": "available",
            "subnet_configuration": [],
            "subnet_ids": [],
            "tags": {
              "Environment": "Dev",
              "ManagedBy": "Terraform",
              "Name": "tanvora-s3-endpoint",
              "Owner": "Ajay Vishwakarma",
              "Project": "Tanvora",
              "Type": "Gateway"
            },
            "tags_all": {
              "Environment": "Dev",
              "ManagedBy": "Terraform",
              "Name": "tanvora-s3-endpoint",
              "Owner": "Ajay Vishwakarma",
              "Project": "Tanvora",
              "Type": "Gateway"
            },
            "timeouts": null,
            "vpc_endpoint_type": "Gateway",
            "vpc_id": "vpc-07c98d82db67d153b"
          },
          "sensitive_attributes": [],
          "private": "eyJlMmJmYjczMC1lY2FhLTExZTYtOGY4OC0zNDM2M2JjN2M0YzAiOnsiY3JlYXRlIjo2MDAwMDAwMDAwMDAsImRlbGV0ZSI6NjAwMDAwMDAwMDAwLCJ1cGRhdGUiOjYwMDAwMDAwMDAwMH19",
          "dependencies": [
            "aws_route_table.private_rt",
            "aws_vpc.tanvora_vpc"
          ]
        }
      ]
    },
    {
      "mode": "managed",
      "type": "aws_vpc_endpoint",
      "name": "ssm_endpoint",
      "provider": "provider[\"registry.terraform.io/hashicorp/aws\"]",
      "instances": [
        {
          "schema_version": 0,
          "attributes": {
            "arn": "arn:aws:ec2:ap-south-1:506511510973:vpc-endpoint/vpce-019c5b5b8584f568b",
            "auto_accept": null,
            "cidr_blocks": [],
            "dns_entry": [
              {
                "dns_name": "vpce-019c5b5b8584f568b-bsp9qjrx.ssm.ap-south-1.vpce.amazonaws.com",
                "hosted_zone_id": "Z2KVTB3ZLFM7JR"
              },
              {
                "dns_name": "vpce-019c5b5b8584f568b-bsp9qjrx-ap-south-1b.ssm.ap-south-1.vpce.amazonaws.com",
                "hosted_zone_id": "Z2KVTB3ZLFM7JR"
              },
              {
                "dns_name": "ssm.ap-south-1.amazonaws.com",
                "hosted_zone_id": "Z018540110GJWQ1C88E1U"
              },
              {
                "dns_name": "ssm.ap-south-1.api.aws",
                "hosted_zone_id": "Z01854001EQ4DYOO5Y0D0"
              }
            ],
            "dns_options": [
              {
                "dns_record_ip_type": "ipv4",
                "private_dns_only_for_inbound_resolver_endpoint": false
              }
            ],
            "id": "vpce-019c5b5b8584f568b",
            "ip_address_type": "ipv4",
            "network_interface_ids": [
              "eni-01da566595d7dab72"
            ],
            "owner_id": "506511510973",
            "policy": "{\"Statement\":[{\"Action\":\"*\",\"Effect\":\"Allow\",\"Principal\":\"*\",\"Resource\":\"*\"}]}",
            "prefix_list_id": null,
            "private_dns_enabled": true,
            "requester_managed": false,
            "resource_configuration_arn": "",
            "route_table_ids": [],
            "security_group_ids": [
              "sg-03840233e21e55671"
            ],
            "service_name": "com.amazonaws.ap-south-1.ssm",
            "service_network_arn": "",
            "service_region": "ap-south-1",
            "state": "available",
            "subnet_configuration": [
              {
                "ipv4": "10.0.2.127",
                "ipv6": "",
                "subnet_id": "subnet-020d44a17c0462f42"
              }
            ],
            "subnet_ids": [
              "subnet-020d44a17c0462f42"
            ],
            "tags": {
              "Environment": "Dev",
              "ManagedBy": "Terraform",
              "Name": "tanvora-ssm-endpoint",
              "Owner": "Ajay Vishwakarma",
              "Project": "Tanvora",
              "Type": "Interface"
            },
            "tags_all": {
              "Environment": "Dev",
              "ManagedBy": "Terraform",
              "Name": "tanvora-ssm-endpoint",
              "Owner": "Ajay Vishwakarma",
              "Project": "Tanvora",
              "Type": "Interface"
            },
            "timeouts": null,
            "vpc_endpoint_type": "Interface",
            "vpc_id": "vpc-07c98d82db67d153b"
          },
          "sensitive_attributes": [],
          "private": "eyJlMmJmYjczMC1lY2FhLTExZTYtOGY4OC0zNDM2M2JjN2M0YzAiOnsiY3JlYXRlIjo2MDAwMDAwMDAwMDAsImRlbGV0ZSI6NjAwMDAwMDAwMDAwLCJ1cGRhdGUiOjYwMDAwMDAwMDAwMH19",
          "dependencies": [
            "aws_security_group.vpc_endpoints_sg",
            "aws_subnet.private_subnet",
            "aws_vpc.tanvora_vpc"
          ]
        }
      ]
    },
    {
      "mode": "managed",
      "type": "aws_vpc_endpoint",
      "name": "ssmmessages_endpoint",
      "provider": "provider[\"registry.terraform.io/hashicorp/aws\"]",
      "instances": [
        {
          "schema_version": 0,
          "attributes": {
            "arn": "arn:aws:ec2:ap-south-1:506511510973:vpc-endpoint/vpce-06e120685ba342b7b",
            "auto_accept": null,
            "cidr_blocks": [],
            "dns_entry": [
              {
                "dns_name": "vpce-06e120685ba342b7b-1ry90ed1.ssmmessages.ap-south-1.vpce.amazonaws.com",
                "hosted_zone_id": "Z2KVTB3ZLFM7JR"
              },
              {
                "dns_name": "vpce-06e120685ba342b7b-1ry90ed1-ap-south-1b.ssmmessages.ap-south-1.vpce.amazonaws.com",
                "hosted_zone_id": "Z2KVTB3ZLFM7JR"
              },
              {
                "dns_name": "ssmmessages.ap-south-1.amazonaws.com",
                "hosted_zone_id": "Z02066322UBGUM9XX1R3K"
              }
            ],
            "dns_options": [
              {
                "dns_record_ip_type": "ipv4",
                "private_dns_only_for_inbound_resolver_endpoint": false
              }
            ],
            "id": "vpce-06e120685ba342b7b",
            "ip_address_type": "ipv4",
            "network_interface_ids": [
              "eni-0e00720d48ec18800"
            ],
            "owner_id": "506511510973",
            "policy": "{\"Statement\":[{\"Action\":\"*\",\"Effect\":\"Allow\",\"Principal\":\"*\",\"Resource\":\"*\"}]}",
            "prefix_list_id": null,
            "private_dns_enabled": true,
            "requester_managed": false,
            "resource_configuration_arn": "",
            "route_table_ids": [],
            "security_group_ids": [
              "sg-03840233e21e55671"
            ],
            "service_name": "com.amazonaws.ap-south-1.ssmmessages",
            "service_network_arn": "",
            "service_region": "ap-south-1",
            "state": "available",
            "subnet_configuration": [
              {
                "ipv4": "10.0.2.175",
                "ipv6": "",
                "subnet_id": "subnet-020d44a17c0462f42"
              }
            ],
            "subnet_ids": [
              "subnet-020d44a17c0462f42"
            ],
            "tags": {
              "Environment": "Dev",
              "ManagedBy": "Terraform",
              "Name": "tanvora-ssmmessages-endpoint",
              "Owner": "Ajay Vishwakarma",
              "Project": "Tanvora",
              "Type": "Interface"
            },
            "tags_all": {
              "Environment": "Dev",
              "ManagedBy": "Terraform",
              "Name": "tanvora-ssmmessages-endpoint",
              "Owner": "Ajay Vishwakarma",
              "Project": "Tanvora",
              "Type": "Interface"
            },
            "timeouts": null,
            "vpc_endpoint_type": "Interface",
            "vpc_id": "vpc-07c98d82db67d153b"
          },
          "sensitive_attributes": [],
          "private": "eyJlMmJmYjczMC1lY2FhLTExZTYtOGY4OC0zNDM2M2JjN2M0YzAiOnsiY3JlYXRlIjo2MDAwMDAwMDAwMDAsImRlbGV0ZSI6NjAwMDAwMDAwMDAwLCJ1cGRhdGUiOjYwMDAwMDAwMDAwMH19",
          "dependencies": [
            "aws_security_group.vpc_endpoints_sg",
            "aws_subnet.private_subnet",
            "aws_vpc.tanvora_vpc"
          ]
        }
      ]
    }
  ],
  "check_results": null
}
